// !$*UTF8*$!
{
	archiveVersion = 1;
	classes = {
	};
	objectVersion = 46;
	objects = {

/* Begin PBXBuildFile section */
		0024393A178F52D300B79368 /* Security.framework in Frameworks */ = {isa = PBXBuildFile; fileRef = 00243939178F52D300B79368 /* Security.framework */; };
		00EB8DC3177D15BD00FFD40F /* libcryptopp_ios.a in Frameworks */ = {isa = PBXBuildFile; fileRef = 0012C535177D10C80017FF5E /* libcryptopp_ios.a */; };
		00EB8DC4177D15BD00FFD40F /* libhfservices_ios.a in Frameworks */ = {isa = PBXBuildFile; fileRef = 0012C530177D10A80017FF5E /* libhfservices_ios.a */; };
		00EB8DC6177D15BD00FFD40F /* libudns_ios.a in Frameworks */ = {isa = PBXBuildFile; fileRef = 0012C53A177D10F70017FF5E /* libudns_ios.a */; };
		00EB8DC7177D15BD00FFD40F /* libzsLib_ios.a in Frameworks */ = {isa = PBXBuildFile; fileRef = 00EB8DB1177D14DA00FFD40F /* libzsLib_ios.a */; };
		00EB8DCF177D1C1600FFD40F /* libhfcore_ios.a in Frameworks */ = {isa = PBXBuildFile; fileRef = 00EB8DCE177D1BE600FFD40F /* libhfcore_ios.a */; };
		00EB8DD0177D1C1600FFD40F /* libhfstack_ios.a in Frameworks */ = {isa = PBXBuildFile; fileRef = 00EB8DB6177D14DB00FFD40F /* libhfstack_ios.a */; };
		8702E53D17997568003287D5 /* OpenPeerModel.xcdatamodeld in Sources */ = {isa = PBXBuildFile; fileRef = 8702E53B17997568003287D5 /* OpenPeerModel.xcdatamodeld */; };
		871BC9A5179EEB4000AEA4A6 /* CoreData.framework in Frameworks */ = {isa = PBXBuildFile; fileRef = 871BC9A4179EEB3F00AEA4A6 /* CoreData.framework */; };
		871BC9C517A1233800AEA4A6 /* HOPIdentityContact_Internal.h in Headers */ = {isa = PBXBuildFile; fileRef = 871BC9C317A1233500AEA4A6 /* HOPIdentityContact_Internal.h */; };
		871BC9C617A1233800AEA4A6 /* HOPIdentityContact_Internal.mm in Sources */ = {isa = PBXBuildFile; fileRef = 871BC9C417A1233600AEA4A6 /* HOPIdentityContact_Internal.mm */; };
		872725C3166636F50089CBB6 /* HOPMessage.h in Headers */ = {isa = PBXBuildFile; fileRef = 872725C1166636F50089CBB6 /* HOPMessage.h */; settings = {ATTRIBUTES = (Public, ); }; };
		872DA9E6175CEC9C000CCA76 /* HOPCache.mm in Sources */ = {isa = PBXBuildFile; fileRef = 872DA9E5175CEC9C000CCA76 /* HOPCache.mm */; };
		87325EF316F07D550099C0D3 /* HOPAccount.h in Headers */ = {isa = PBXBuildFile; fileRef = 8740FFD316E88A37008016C0 /* HOPAccount.h */; settings = {ATTRIBUTES = (Public, ); }; };
		87325EF416F07D550099C0D3 /* HOPIdentityLookup.h in Headers */ = {isa = PBXBuildFile; fileRef = 87A5B20816EDE656007E825A /* HOPIdentityLookup.h */; settings = {ATTRIBUTES = (Public, ); }; };
		87343EDC165A50D60070E6E0 /* UIKit.framework in Frameworks */ = {isa = PBXBuildFile; fileRef = 87343EDB165A50D60070E6E0 /* UIKit.framework */; };
		8758404217B151AD006B9A21 /* HOPAvatar.h in Headers */ = {isa = PBXBuildFile; fileRef = 8758404017B151AD006B9A21 /* HOPAvatar.h */; settings = {ATTRIBUTES = (Public, ); }; };
		8758404317B151AD006B9A21 /* HOPAvatar.m in Sources */ = {isa = PBXBuildFile; fileRef = 8758404117B151AD006B9A21 /* HOPAvatar.m */; };
		8758404717B151AD006B9A21 /* HOPRolodexContact.h in Headers */ = {isa = PBXBuildFile; fileRef = 8758404517B151AD006B9A21 /* HOPRolodexContact.h */; settings = {ATTRIBUTES = (Public, ); }; };
		8758404817B151AD006B9A21 /* HOPRolodexContact.m in Sources */ = {isa = PBXBuildFile; fileRef = 8758404617B151AD006B9A21 /* HOPRolodexContact.m */; };
		8758404B17B151AD006B9A21 /* HOPIdentityContact.h in Headers */ = {isa = PBXBuildFile; fileRef = 8758404917B151AD006B9A21 /* HOPIdentityContact.h */; settings = {ATTRIBUTES = (Public, ); }; };
		8758404C17B151AD006B9A21 /* HOPIdentityContact.m in Sources */ = {isa = PBXBuildFile; fileRef = 8758404A17B151AD006B9A21 /* HOPIdentityContact.m */; };
		8758404F17B151AD006B9A21 /* HOPIdentityProvider.h in Headers */ = {isa = PBXBuildFile; fileRef = 8758404D17B151AD006B9A21 /* HOPIdentityProvider.h */; settings = {ATTRIBUTES = (Public, ); }; };
		8758405017B151AD006B9A21 /* HOPIdentityProvider.m in Sources */ = {isa = PBXBuildFile; fileRef = 8758404E17B151AD006B9A21 /* HOPIdentityProvider.m */; };
		8758405717B151AE006B9A21 /* HOPPublicPeerFile.h in Headers */ = {isa = PBXBuildFile; fileRef = 8758405517B151AE006B9A21 /* HOPPublicPeerFile.h */; settings = {ATTRIBUTES = (Public, ); }; };
		8758405817B151AE006B9A21 /* HOPPublicPeerFile.m in Sources */ = {isa = PBXBuildFile; fileRef = 8758405617B151AE006B9A21 /* HOPPublicPeerFile.m */; };
		8758405A17B17CB0006B9A21 /* HOPModelManager.h in Headers */ = {isa = PBXBuildFile; fileRef = 8758405917B17CB0006B9A21 /* HOPModelManager.h */; settings = {ATTRIBUTES = (Public, ); }; };
		8758405C17B17CD0006B9A21 /* HOPModelManager.m in Sources */ = {isa = PBXBuildFile; fileRef = 8758405B17B17CD0006B9A21 /* HOPModelManager.m */; };
		8758405F17B290B8006B9A21 /* HOPHomeUser.h in Headers */ = {isa = PBXBuildFile; fileRef = 8758405D17B290B7006B9A21 /* HOPHomeUser.h */; settings = {ATTRIBUTES = (Public, ); }; };
		8758406017B290B8006B9A21 /* HOPHomeUser.m in Sources */ = {isa = PBXBuildFile; fileRef = 8758405E17B290B8006B9A21 /* HOPHomeUser.m */; };
		8783859117A84FAB003C6EEA /* HOPRolodexContact+External.h in Headers */ = {isa = PBXBuildFile; fileRef = 8783858F17A84FAA003C6EEA /* HOPRolodexContact+External.h */; settings = {ATTRIBUTES = (Public, ); }; };
		8783859217A84FAB003C6EEA /* HOPRolodexContact+External.mm in Sources */ = {isa = PBXBuildFile; fileRef = 8783859017A84FAA003C6EEA /* HOPRolodexContact+External.mm */; };
		8792E86C16519CFF00DEAC58 /* Foundation.framework in Frameworks */ = {isa = PBXBuildFile; fileRef = 8792E86B16519CFF00DEAC58 /* Foundation.framework */; };
		8792E9C51651A8DA00DEAC58 /* libboost_date_time.a in Frameworks */ = {isa = PBXBuildFile; fileRef = 8792E9C11651A8DA00DEAC58 /* libboost_date_time.a */; };
		8792E9C61651A8DA00DEAC58 /* libboost_regex.a in Frameworks */ = {isa = PBXBuildFile; fileRef = 8792E9C21651A8DA00DEAC58 /* libboost_regex.a */; };
		8792E9C71651A8DA00DEAC58 /* libboost_thread.a in Frameworks */ = {isa = PBXBuildFile; fileRef = 8792E9C31651A8DA00DEAC58 /* libboost_thread.a */; };
		8792E9C81651A8DA00DEAC58 /* libcurl.a in Frameworks */ = {isa = PBXBuildFile; fileRef = 8792E9C41651A8DA00DEAC58 /* libcurl.a */; };
		87A5B1A016EDE5EB007E825A /* HOPAccount.mm in Sources */ = {isa = PBXBuildFile; fileRef = 87A5B18C16EDE5EB007E825A /* HOPAccount.mm */; };
		87A5B1A216EDE5EB007E825A /* HOPCall.mm in Sources */ = {isa = PBXBuildFile; fileRef = 87A5B18E16EDE5EB007E825A /* HOPCall.mm */; };
		87A5B1A316EDE5EB007E825A /* HOPContact.mm in Sources */ = {isa = PBXBuildFile; fileRef = 87A5B18F16EDE5EB007E825A /* HOPContact.mm */; };
		87A5B1A416EDE5EB007E825A /* HOPConversationThread.mm in Sources */ = {isa = PBXBuildFile; fileRef = 87A5B19016EDE5EB007E825A /* HOPConversationThread.mm */; };
		87A5B1A516EDE5EB007E825A /* HOPIdentity.mm in Sources */ = {isa = PBXBuildFile; fileRef = 87A5B19116EDE5EB007E825A /* HOPIdentity.mm */; };
		87A5B1A716EDE5EB007E825A /* HOPLogger.mm in Sources */ = {isa = PBXBuildFile; fileRef = 87A5B19316EDE5EB007E825A /* HOPLogger.mm */; };
		87A5B1A916EDE5EB007E825A /* HOPMediaEngine.mm in Sources */ = {isa = PBXBuildFile; fileRef = 87A5B19516EDE5EB007E825A /* HOPMediaEngine.mm */; };
		87A5B1AA16EDE5EB007E825A /* HOPMediaEngineRtpRtcpStatistics.m in Sources */ = {isa = PBXBuildFile; fileRef = 87A5B19616EDE5EB007E825A /* HOPMediaEngineRtpRtcpStatistics.m */; };
		87A5B1AB16EDE5EB007E825A /* HOPMessage.m in Sources */ = {isa = PBXBuildFile; fileRef = 87A5B19716EDE5EB007E825A /* HOPMessage.m */; };
		87A5B1B216EDE5EB007E825A /* HOPStack.mm in Sources */ = {isa = PBXBuildFile; fileRef = 87A5B19E16EDE5EB007E825A /* HOPStack.mm */; };
		87A5B1B316EDE5EB007E825A /* OpenPeerLoggerDelegate.mm in Sources */ = {isa = PBXBuildFile; fileRef = 87A5B19F16EDE5EB007E825A /* OpenPeerLoggerDelegate.mm */; };
		87A5B1DE16EDE5F9007E825A /* HOPAccount_Internal.h in Headers */ = {isa = PBXBuildFile; fileRef = 87A5B1B516EDE5F9007E825A /* HOPAccount_Internal.h */; };
		87A5B1E016EDE5F9007E825A /* HOPCall_Internal.h in Headers */ = {isa = PBXBuildFile; fileRef = 87A5B1B716EDE5F9007E825A /* HOPCall_Internal.h */; };
		87A5B1E116EDE5F9007E825A /* HOPContact_Internal.h in Headers */ = {isa = PBXBuildFile; fileRef = 87A5B1B816EDE5F9007E825A /* HOPContact_Internal.h */; };
		87A5B1E216EDE5F9007E825A /* HOPConversationThread_Internal.h in Headers */ = {isa = PBXBuildFile; fileRef = 87A5B1B916EDE5F9007E825A /* HOPConversationThread_Internal.h */; };
		87A5B1E316EDE5F9007E825A /* HOPIdentity_Internal.h in Headers */ = {isa = PBXBuildFile; fileRef = 87A5B1BA16EDE5F9007E825A /* HOPIdentity_Internal.h */; };
		87A5B1E416EDE5F9007E825A /* HOPMediaEngine_Internal.h in Headers */ = {isa = PBXBuildFile; fileRef = 87A5B1BB16EDE5F9007E825A /* HOPMediaEngine_Internal.h */; };
		87A5B1EA16EDE5F9007E825A /* HOPStack_Internal.h in Headers */ = {isa = PBXBuildFile; fileRef = 87A5B1C116EDE5F9007E825A /* HOPStack_Internal.h */; };
		87A5B1EB16EDE5F9007E825A /* OpenPeerAccountDelegate.h in Headers */ = {isa = PBXBuildFile; fileRef = 87A5B1C216EDE5F9007E825A /* OpenPeerAccountDelegate.h */; };
		87A5B1EC16EDE5F9007E825A /* OpenPeerIdentityLookupDelegate.h in Headers */ = {isa = PBXBuildFile; fileRef = 87A5B1C316EDE5F9007E825A /* OpenPeerIdentityLookupDelegate.h */; };
		87A5B1EF16EDE5F9007E825A /* OpenPeerCallDelegate.h in Headers */ = {isa = PBXBuildFile; fileRef = 87A5B1C616EDE5F9007E825A /* OpenPeerCallDelegate.h */; };
		87A5B1F016EDE5F9007E825A /* OpenPeerConversationThreadDelegate.h in Headers */ = {isa = PBXBuildFile; fileRef = 87A5B1C716EDE5F9007E825A /* OpenPeerConversationThreadDelegate.h */; };
		87A5B1F116EDE5F9007E825A /* OpenPeerIdentityDelegate.h in Headers */ = {isa = PBXBuildFile; fileRef = 87A5B1C816EDE5F9007E825A /* OpenPeerIdentityDelegate.h */; };
		87A5B1F216EDE5F9007E825A /* OpenPeerLoggerDelegate.h in Headers */ = {isa = PBXBuildFile; fileRef = 87A5B1C916EDE5F9007E825A /* OpenPeerLoggerDelegate.h */; };
		87A5B1F316EDE5F9007E825A /* OpenPeerMediaEngineDelegate.h in Headers */ = {isa = PBXBuildFile; fileRef = 87A5B1CA16EDE5F9007E825A /* OpenPeerMediaEngineDelegate.h */; };
		87A5B1F616EDE5F9007E825A /* OpenPeerStackDelegate.h in Headers */ = {isa = PBXBuildFile; fileRef = 87A5B1CD16EDE5F9007E825A /* OpenPeerStackDelegate.h */; };
		87A5B1F716EDE5F9007E825A /* OpenPeerStorageManager.h in Headers */ = {isa = PBXBuildFile; fileRef = 87A5B1CE16EDE5F9007E825A /* OpenPeerStorageManager.h */; };
		87A5B1F816EDE5F9007E825A /* OpenPeerUtility.h in Headers */ = {isa = PBXBuildFile; fileRef = 87A5B1CF16EDE5F9007E825A /* OpenPeerUtility.h */; };
		87A5B1F916EDE5F9007E825A /* OpenPeerAccountDelegate.mm in Sources */ = {isa = PBXBuildFile; fileRef = 87A5B1D116EDE5F9007E825A /* OpenPeerAccountDelegate.mm */; };
		87A5B1FA16EDE5F9007E825A /* OpenPeerIdentityLookupDelegate.mm in Sources */ = {isa = PBXBuildFile; fileRef = 87A5B1D216EDE5F9007E825A /* OpenPeerIdentityLookupDelegate.mm */; };
		87A5B1FD16EDE5F9007E825A /* OpenPeerCallDelegate.mm in Sources */ = {isa = PBXBuildFile; fileRef = 87A5B1D516EDE5F9007E825A /* OpenPeerCallDelegate.mm */; };
		87A5B1FE16EDE5F9007E825A /* OpenPeerConversationThreadDelegate.mm in Sources */ = {isa = PBXBuildFile; fileRef = 87A5B1D616EDE5F9007E825A /* OpenPeerConversationThreadDelegate.mm */; };
		87A5B1FF16EDE5F9007E825A /* OpenPeerIdentityDelegate.mm in Sources */ = {isa = PBXBuildFile; fileRef = 87A5B1D716EDE5F9007E825A /* OpenPeerIdentityDelegate.mm */; };
		87A5B20016EDE5F9007E825A /* OpenPeerMediaEngineDelegate.mm in Sources */ = {isa = PBXBuildFile; fileRef = 87A5B1D816EDE5F9007E825A /* OpenPeerMediaEngineDelegate.mm */; };
		87A5B20316EDE5F9007E825A /* OpenPeerStackDelegate.mm in Sources */ = {isa = PBXBuildFile; fileRef = 87A5B1DB16EDE5F9007E825A /* OpenPeerStackDelegate.mm */; };
		87A5B20416EDE5F9007E825A /* OpenPeerStorageManager.mm in Sources */ = {isa = PBXBuildFile; fileRef = 87A5B1DC16EDE5F9007E825A /* OpenPeerStorageManager.mm */; };
		87A5B20516EDE5F9007E825A /* OpenPeerUtility.mm in Sources */ = {isa = PBXBuildFile; fileRef = 87A5B1DD16EDE5F9007E825A /* OpenPeerUtility.mm */; };
		87A5B20716EDE648007E825A /* HOPIdentityLookup.mm in Sources */ = {isa = PBXBuildFile; fileRef = 87A5B20616EDE648007E825A /* HOPIdentityLookup.mm */; };
		87B013F01661557C00E8938B /* HOPStack.h in Headers */ = {isa = PBXBuildFile; fileRef = 8792E9BE1651A43E00DEAC58 /* HOPStack.h */; settings = {ATTRIBUTES = (Public, ); }; };
		87B013F21661557C00E8938B /* HOPContact.h in Headers */ = {isa = PBXBuildFile; fileRef = 8792E9CC1651B21F00DEAC58 /* HOPContact.h */; settings = {ATTRIBUTES = (Public, ); }; };
		87B013F31661557C00E8938B /* HOPCall.h in Headers */ = {isa = PBXBuildFile; fileRef = 874F65731652628500E580F0 /* HOPCall.h */; settings = {ATTRIBUTES = (Public, ); }; };
		87B013F51661557C00E8938B /* HOPConversationThread.h in Headers */ = {isa = PBXBuildFile; fileRef = 874F6579165264BF00E580F0 /* HOPConversationThread.h */; settings = {ATTRIBUTES = (Public, ); }; };
		87B013F61661557C00E8938B /* HOPMediaEngine.h in Headers */ = {isa = PBXBuildFile; fileRef = 874F657C1652652A00E580F0 /* HOPMediaEngine.h */; settings = {ATTRIBUTES = (Public, ); }; };
		87B013F81661557C00E8938B /* HOPProtocols.h in Headers */ = {isa = PBXBuildFile; fileRef = 874F65A716528FCF00E580F0 /* HOPProtocols.h */; settings = {ATTRIBUTES = (Public, ); }; };
		87B013F91661557C00E8938B /* HOPTypes.h in Headers */ = {isa = PBXBuildFile; fileRef = 872E40771653CFE2006ECA60 /* HOPTypes.h */; settings = {ATTRIBUTES = (Public, ); }; };
		87B013FF1661557C00E8938B /* HOPMediaEngineRtpRtcpStatistics.h in Headers */ = {isa = PBXBuildFile; fileRef = 87343FE9165E4B0C0070E6E0 /* HOPMediaEngineRtpRtcpStatistics.h */; settings = {ATTRIBUTES = (Public, ); }; };
		87B014001661557C00E8938B /* HOPIdentity.h in Headers */ = {isa = PBXBuildFile; fileRef = 87FA4CE0165F891A00F7D973 /* HOPIdentity.h */; settings = {ATTRIBUTES = (Public, ); }; };
		87CEF2ED179D5CD0003770EE /* HOPRolodexContact_Internal.mm in Sources */ = {isa = PBXBuildFile; fileRef = 87CEF2EC179D5CD0003770EE /* HOPRolodexContact_Internal.mm */; };
		87CEF2F0179DC7E0003770EE /* HOPAvatar_Internal.mm in Sources */ = {isa = PBXBuildFile; fileRef = 87CEF2EE179DC7E0003770EE /* HOPAvatar_Internal.mm */; };
		87CEF2F1179DC7E0003770EE /* HOPAvatar_Internal.h in Headers */ = {isa = PBXBuildFile; fileRef = 87CEF2EF179DC7E0003770EE /* HOPAvatar_Internal.h */; };
		87D66B6016EFC3660017EF98 /* HOPLogger.h in Headers */ = {isa = PBXBuildFile; fileRef = 87DFA51D16E7576900C77326 /* HOPLogger.h */; settings = {ATTRIBUTES = (Public, ); }; };
		87D91AA71767509700E46B66 /* OpenPeerCacheDelegate.mm in Sources */ = {isa = PBXBuildFile; fileRef = 87D91AA51767509700E46B66 /* OpenPeerCacheDelegate.mm */; };
		87DD73E017AFD1BE0086C295 /* OpenPeerConstants.m in Sources */ = {isa = PBXBuildFile; fileRef = 87DD73DE17AFD1BE0086C295 /* OpenPeerConstants.m */; };
		87E3CD21172A859600084D2F /* HOPIdentityLookupInfo.mm in Sources */ = {isa = PBXBuildFile; fileRef = 87E3CD1F172A859500084D2F /* HOPIdentityLookupInfo.mm */; };
		87E3CD24172A89E300084D2F /* HOPIdentityLookupInfo_Internal.h in Headers */ = {isa = PBXBuildFile; fileRef = 87E3CD23172A85FC00084D2F /* HOPIdentityLookupInfo_Internal.h */; };
		87E3CD25172A89E300084D2F /* HOPIdentityLookupInfo.h in Headers */ = {isa = PBXBuildFile; fileRef = 87E3CCE8172A82BC00084D2F /* HOPIdentityLookupInfo.h */; settings = {ATTRIBUTES = (Public, ); }; };
		E2489ED7179040500036CCBF /* libaudio_coding_module.a in Frameworks */ = {isa = PBXBuildFile; fileRef = E2489EAC1790404E0036CCBF /* libaudio_coding_module.a */; };
		E2489ED8179040500036CCBF /* libaudio_conference_mixer.a in Frameworks */ = {isa = PBXBuildFile; fileRef = E2489EAD1790404E0036CCBF /* libaudio_conference_mixer.a */; };
		E2489ED9179040500036CCBF /* libaudio_device.a in Frameworks */ = {isa = PBXBuildFile; fileRef = E2489EAE1790404F0036CCBF /* libaudio_device.a */; };
		E2489EDA179040500036CCBF /* libaudio_processing_neon.a in Frameworks */ = {isa = PBXBuildFile; fileRef = E2489EAF1790404F0036CCBF /* libaudio_processing_neon.a */; };
		E2489EDB179040500036CCBF /* libaudio_processing.a in Frameworks */ = {isa = PBXBuildFile; fileRef = E2489EB01790404F0036CCBF /* libaudio_processing.a */; };
		E2489EDC179040500036CCBF /* libbitrate_controller.a in Frameworks */ = {isa = PBXBuildFile; fileRef = E2489EB11790404F0036CCBF /* libbitrate_controller.a */; };
		E2489EDE179040500036CCBF /* libCNG.a in Frameworks */ = {isa = PBXBuildFile; fileRef = E2489EB31790404F0036CCBF /* libCNG.a */; };
		E2489EDF179040500036CCBF /* libcommon_audio_neon.a in Frameworks */ = {isa = PBXBuildFile; fileRef = E2489EB41790404F0036CCBF /* libcommon_audio_neon.a */; };
		E2489EE0179040500036CCBF /* libcommon_audio.a in Frameworks */ = {isa = PBXBuildFile; fileRef = E2489EB51790404F0036CCBF /* libcommon_audio.a */; };
		E2489EE1179040500036CCBF /* libcommon_video.a in Frameworks */ = {isa = PBXBuildFile; fileRef = E2489EB61790404F0036CCBF /* libcommon_video.a */; };
		E2489EE2179040500036CCBF /* libdesktop_capture.a in Frameworks */ = {isa = PBXBuildFile; fileRef = E2489EB71790404F0036CCBF /* libdesktop_capture.a */; };
		E2489EE3179040500036CCBF /* libG711.a in Frameworks */ = {isa = PBXBuildFile; fileRef = E2489EB81790404F0036CCBF /* libG711.a */; };
		E2489EE4179040500036CCBF /* libG722.a in Frameworks */ = {isa = PBXBuildFile; fileRef = E2489EB91790404F0036CCBF /* libG722.a */; };
		E2489EE5179040500036CCBF /* libiLBC.a in Frameworks */ = {isa = PBXBuildFile; fileRef = E2489EBA1790404F0036CCBF /* libiLBC.a */; };
		E2489EE6179040500036CCBF /* libisac_neon.a in Frameworks */ = {isa = PBXBuildFile; fileRef = E2489EBB1790404F0036CCBF /* libisac_neon.a */; };
		E2489EE7179040500036CCBF /* libiSAC.a in Frameworks */ = {isa = PBXBuildFile; fileRef = E2489EBC1790404F0036CCBF /* libiSAC.a */; };
		E2489EE8179040500036CCBF /* libiSACFix.a in Frameworks */ = {isa = PBXBuildFile; fileRef = E2489EBD1790404F0036CCBF /* libiSACFix.a */; };
		E2489EE9179040500036CCBF /* libjpeg.a in Frameworks */ = {isa = PBXBuildFile; fileRef = E2489EBE1790404F0036CCBF /* libjpeg.a */; };
		E2489EEA179040500036CCBF /* libmedia_file.a in Frameworks */ = {isa = PBXBuildFile; fileRef = E2489EBF1790404F0036CCBF /* libmedia_file.a */; };
		E2489EEB179040500036CCBF /* libNetEq.a in Frameworks */ = {isa = PBXBuildFile; fileRef = E2489EC01790404F0036CCBF /* libNetEq.a */; };
		E2489EEC179040500036CCBF /* libNetEq4.a in Frameworks */ = {isa = PBXBuildFile; fileRef = E2489EC11790404F0036CCBF /* libNetEq4.a */; };
		E2489EED179040500036CCBF /* libopus.a in Frameworks */ = {isa = PBXBuildFile; fileRef = E2489EC21790404F0036CCBF /* libopus.a */; };
		E2489EEE179040500036CCBF /* libpaced_sender.a in Frameworks */ = {isa = PBXBuildFile; fileRef = E2489EC31790404F0036CCBF /* libpaced_sender.a */; };
		E2489EEF179040500036CCBF /* libPCM16B.a in Frameworks */ = {isa = PBXBuildFile; fileRef = E2489EC41790404F0036CCBF /* libPCM16B.a */; };
		E2489EF0179040500036CCBF /* libremote_bitrate_estimator.a in Frameworks */ = {isa = PBXBuildFile; fileRef = E2489EC51790404F0036CCBF /* libremote_bitrate_estimator.a */; };
		E2489EF1179040500036CCBF /* librtp_rtcp.a in Frameworks */ = {isa = PBXBuildFile; fileRef = E2489EC61790404F0036CCBF /* librtp_rtcp.a */; };
		E2489EF2179040500036CCBF /* libsystem_wrappers.a in Frameworks */ = {isa = PBXBuildFile; fileRef = E2489EC71790404F0036CCBF /* libsystem_wrappers.a */; };
		E2489EF3179040500036CCBF /* libvideo_capture_module.a in Frameworks */ = {isa = PBXBuildFile; fileRef = E2489EC81790404F0036CCBF /* libvideo_capture_module.a */; };
		E2489EF4179040500036CCBF /* libvideo_coding_utility.a in Frameworks */ = {isa = PBXBuildFile; fileRef = E2489EC91790404F0036CCBF /* libvideo_coding_utility.a */; };
		E2489EF5179040500036CCBF /* libvideo_engine_core.a in Frameworks */ = {isa = PBXBuildFile; fileRef = E2489ECA179040500036CCBF /* libvideo_engine_core.a */; };
		E2489EF6179040500036CCBF /* libvideo_processing.a in Frameworks */ = {isa = PBXBuildFile; fileRef = E2489ECB179040500036CCBF /* libvideo_processing.a */; };
		E2489EF7179040500036CCBF /* libvideo_render_module.a in Frameworks */ = {isa = PBXBuildFile; fileRef = E2489ECC179040500036CCBF /* libvideo_render_module.a */; };
		E2489EF8179040500036CCBF /* libvoice_engine.a in Frameworks */ = {isa = PBXBuildFile; fileRef = E2489ECD179040500036CCBF /* libvoice_engine.a */; };
		E2489EF9179040500036CCBF /* libvpx_asm_offsets_vp8.a in Frameworks */ = {isa = PBXBuildFile; fileRef = E2489ECE179040500036CCBF /* libvpx_asm_offsets_vp8.a */; };
		E2489EFA179040500036CCBF /* libvpx_asm_offsets_vpx_scale.a in Frameworks */ = {isa = PBXBuildFile; fileRef = E2489ECF179040500036CCBF /* libvpx_asm_offsets_vpx_scale.a */; };
		E2489EFB179040500036CCBF /* libvpx.a in Frameworks */ = {isa = PBXBuildFile; fileRef = E2489ED0179040500036CCBF /* libvpx.a */; };
		E2489EFC179040500036CCBF /* libwebrtc_i420.a in Frameworks */ = {isa = PBXBuildFile; fileRef = E2489ED1179040500036CCBF /* libwebrtc_i420.a */; };
		E2489EFD179040500036CCBF /* libwebrtc_opus.a in Frameworks */ = {isa = PBXBuildFile; fileRef = E2489ED2179040500036CCBF /* libwebrtc_opus.a */; };
		E2489EFE179040500036CCBF /* libwebrtc_utility.a in Frameworks */ = {isa = PBXBuildFile; fileRef = E2489ED3179040500036CCBF /* libwebrtc_utility.a */; };
		E2489EFF179040500036CCBF /* libwebrtc_video_coding.a in Frameworks */ = {isa = PBXBuildFile; fileRef = E2489ED4179040500036CCBF /* libwebrtc_video_coding.a */; };
		E2489F00179040500036CCBF /* libwebrtc_vp8.a in Frameworks */ = {isa = PBXBuildFile; fileRef = E2489ED5179040500036CCBF /* libwebrtc_vp8.a */; };
		E2489F01179040500036CCBF /* libyuv.a in Frameworks */ = {isa = PBXBuildFile; fileRef = E2489ED6179040500036CCBF /* libyuv.a */; };
/* End PBXBuildFile section */

/* Begin PBXContainerItemProxy section */
		0012C52F177D10A80017FF5E /* PBXContainerItemProxy */ = {
			isa = PBXContainerItemProxy;
			containerPortal = 8792E9211651A0D000DEAC58 /* hfservices_ios.xcodeproj */;
			proxyType = 2;
			remoteGlobalIDString = 0095DC1516CA8802005F53D3;
			remoteInfo = hfservices_ios;
		};
		0012C534177D10C80017FF5E /* PBXContainerItemProxy */ = {
			isa = PBXContainerItemProxy;
			containerPortal = 8792E9AA1651A12B00DEAC58 /* cryptopp_ios.xcodeproj */;
			proxyType = 2;
			remoteGlobalIDString = 0066863A16C9F58000259F81;
			remoteInfo = cryptopp_ios;
		};
		0012C539177D10F70017FF5E /* PBXContainerItemProxy */ = {
			isa = PBXContainerItemProxy;
			containerPortal = 8792E8FD1651A08F00DEAC58 /* udns_ios.xcodeproj */;
			proxyType = 2;
			remoteGlobalIDString = 0066824F16C9DA9200259F81;
			remoteInfo = udns_ios;
		};
		00EB8DB0177D14DA00FFD40F /* PBXContainerItemProxy */ = {
			isa = PBXContainerItemProxy;
			containerPortal = 8792E8F41651A04800DEAC58 /* zsLib_ios.xcodeproj */;
			proxyType = 2;
			remoteGlobalIDString = 0066818216C9D64000259F81;
			remoteInfo = zsLib_ios;
		};
		00EB8DB5177D14DB00FFD40F /* PBXContainerItemProxy */ = {
			isa = PBXContainerItemProxy;
			containerPortal = 8792E9091651A0A600DEAC58 /* hfstack_ios.xcodeproj */;
			proxyType = 2;
			remoteGlobalIDString = 0063B94916CA91F000E6DB4D;
			remoteInfo = hfstack_ios;
		};
		00EB8DB7177D158100FFD40F /* PBXContainerItemProxy */ = {
			isa = PBXContainerItemProxy;
			containerPortal = 8792E9211651A0D000DEAC58 /* hfservices_ios.xcodeproj */;
			proxyType = 1;
			remoteGlobalIDString = 0095DC1416CA8802005F53D3;
			remoteInfo = hfservices_ios;
		};
		00EB8DBD177D158100FFD40F /* PBXContainerItemProxy */ = {
			isa = PBXContainerItemProxy;
			containerPortal = 8792E8FD1651A08F00DEAC58 /* udns_ios.xcodeproj */;
			proxyType = 1;
			remoteGlobalIDString = 0066824E16C9DA9200259F81;
			remoteInfo = udns_ios;
		};
		00EB8DBF177D158100FFD40F /* PBXContainerItemProxy */ = {
			isa = PBXContainerItemProxy;
			containerPortal = 8792E9AA1651A12B00DEAC58 /* cryptopp_ios.xcodeproj */;
			proxyType = 1;
			remoteGlobalIDString = 0066863916C9F58000259F81;
			remoteInfo = cryptopp_ios;
		};
		00EB8DC1177D158100FFD40F /* PBXContainerItemProxy */ = {
			isa = PBXContainerItemProxy;
			containerPortal = 8792E8F41651A04800DEAC58 /* zsLib_ios.xcodeproj */;
			proxyType = 1;
			remoteGlobalIDString = 0066818116C9D64000259F81;
			remoteInfo = zsLib_ios;
		};
		00EB8DCD177D1BE600FFD40F /* PBXContainerItemProxy */ = {
			isa = PBXContainerItemProxy;
			containerPortal = 8792E9151651A0BB00DEAC58 /* hfcore_ios.xcodeproj */;
			proxyType = 2;
			remoteGlobalIDString = 0063BF4216CA9B2F00E6DB4D;
			remoteInfo = hfcore_ios;
		};
		00EB8DD1177D1C2400FFD40F /* PBXContainerItemProxy */ = {
			isa = PBXContainerItemProxy;
			containerPortal = 8792E9151651A0BB00DEAC58 /* hfcore_ios.xcodeproj */;
			proxyType = 1;
			remoteGlobalIDString = 0063BF4116CA9B2F00E6DB4D;
			remoteInfo = hfcore_ios;
		};
		00EB8DD3177D1C2400FFD40F /* PBXContainerItemProxy */ = {
			isa = PBXContainerItemProxy;
			containerPortal = 8792E9091651A0A600DEAC58 /* hfstack_ios.xcodeproj */;
			proxyType = 1;
			remoteGlobalIDString = 0063B94816CA91F000E6DB4D;
			remoteInfo = hfstack_ios;
		};
/* End PBXContainerItemProxy section */

/* Begin PBXCopyFilesBuildPhase section */
		8792E86616519CFF00DEAC58 /* CopyFiles */ = {
			isa = PBXCopyFilesBuildPhase;
			buildActionMask = 2147483647;
			dstPath = "include/${PRODUCT_NAME}";
			dstSubfolderSpec = 16;
			files = (
			);
			runOnlyForDeploymentPostprocessing = 0;
		};
/* End PBXCopyFilesBuildPhase section */

/* Begin PBXFileReference section */
		00243939178F52D300B79368 /* Security.framework */ = {isa = PBXFileReference; lastKnownFileType = wrapper.framework; name = Security.framework; path = System/Library/Frameworks/Security.framework; sourceTree = SDKROOT; };
		8702E53C17997568003287D5 /* OpenPeerModel.xcdatamodel */ = {isa = PBXFileReference; lastKnownFileType = wrapper.xcdatamodel; path = OpenPeerModel.xcdatamodel; sourceTree = "<group>"; };
		871BC9A4179EEB3F00AEA4A6 /* CoreData.framework */ = {isa = PBXFileReference; lastKnownFileType = wrapper.framework; name = CoreData.framework; path = System/Library/Frameworks/CoreData.framework; sourceTree = SDKROOT; };
		871BC9C317A1233500AEA4A6 /* HOPIdentityContact_Internal.h */ = {isa = PBXFileReference; fileEncoding = 4; lastKnownFileType = sourcecode.c.h; path = HOPIdentityContact_Internal.h; sourceTree = "<group>"; };
		871BC9C417A1233600AEA4A6 /* HOPIdentityContact_Internal.mm */ = {isa = PBXFileReference; fileEncoding = 4; lastKnownFileType = sourcecode.cpp.objcpp; path = HOPIdentityContact_Internal.mm; sourceTree = "<group>"; };
		872725C1166636F50089CBB6 /* HOPMessage.h */ = {isa = PBXFileReference; fileEncoding = 4; lastKnownFileType = sourcecode.c.h; path = HOPMessage.h; sourceTree = "<group>"; };
		872DA9E5175CEC9C000CCA76 /* HOPCache.mm */ = {isa = PBXFileReference; fileEncoding = 4; lastKnownFileType = sourcecode.cpp.objcpp; path = HOPCache.mm; sourceTree = "<group>"; };
		872DA9E7175CECB1000CCA76 /* HOPCache.h */ = {isa = PBXFileReference; lastKnownFileType = sourcecode.c.h; path = HOPCache.h; sourceTree = "<group>"; };
		872E40771653CFE2006ECA60 /* HOPTypes.h */ = {isa = PBXFileReference; lastKnownFileType = sourcecode.c.h; path = HOPTypes.h; sourceTree = "<group>"; };
		87343EDB165A50D60070E6E0 /* UIKit.framework */ = {isa = PBXFileReference; lastKnownFileType = wrapper.framework; name = UIKit.framework; path = System/Library/Frameworks/UIKit.framework; sourceTree = SDKROOT; };
		87343FE9165E4B0C0070E6E0 /* HOPMediaEngineRtpRtcpStatistics.h */ = {isa = PBXFileReference; fileEncoding = 4; lastKnownFileType = sourcecode.c.h; path = HOPMediaEngineRtpRtcpStatistics.h; sourceTree = "<group>"; };
		8740FFD316E88A37008016C0 /* HOPAccount.h */ = {isa = PBXFileReference; lastKnownFileType = sourcecode.c.h; path = HOPAccount.h; sourceTree = "<group>"; };
		874ADC36166DF0E20095FE33 /* libz.dylib */ = {isa = PBXFileReference; lastKnownFileType = "compiled.mach-o.dylib"; name = libz.dylib; path = usr/lib/libz.dylib; sourceTree = SDKROOT; };
		874ADC38166DF0F30095FE33 /* libresolv.dylib */ = {isa = PBXFileReference; lastKnownFileType = "compiled.mach-o.dylib"; name = libresolv.dylib; path = usr/lib/libresolv.dylib; sourceTree = SDKROOT; };
		874F65731652628500E580F0 /* HOPCall.h */ = {isa = PBXFileReference; fileEncoding = 4; lastKnownFileType = sourcecode.c.h; path = HOPCall.h; sourceTree = "<group>"; };
		874F6579165264BF00E580F0 /* HOPConversationThread.h */ = {isa = PBXFileReference; fileEncoding = 4; lastKnownFileType = sourcecode.c.h; path = HOPConversationThread.h; sourceTree = "<group>"; };
		874F657C1652652A00E580F0 /* HOPMediaEngine.h */ = {isa = PBXFileReference; fileEncoding = 4; lastKnownFileType = sourcecode.c.h; path = HOPMediaEngine.h; sourceTree = "<group>"; };
		874F65A716528FCF00E580F0 /* HOPProtocols.h */ = {isa = PBXFileReference; lastKnownFileType = sourcecode.c.h; path = HOPProtocols.h; sourceTree = "<group>"; };
		8758404017B151AD006B9A21 /* HOPAvatar.h */ = {isa = PBXFileReference; fileEncoding = 4; lastKnownFileType = sourcecode.c.h; path = HOPAvatar.h; sourceTree = "<group>"; };
		8758404117B151AD006B9A21 /* HOPAvatar.m */ = {isa = PBXFileReference; fileEncoding = 4; lastKnownFileType = sourcecode.c.objc; path = HOPAvatar.m; sourceTree = "<group>"; };
		8758404517B151AD006B9A21 /* HOPRolodexContact.h */ = {isa = PBXFileReference; fileEncoding = 4; lastKnownFileType = sourcecode.c.h; path = HOPRolodexContact.h; sourceTree = "<group>"; };
		8758404617B151AD006B9A21 /* HOPRolodexContact.m */ = {isa = PBXFileReference; fileEncoding = 4; lastKnownFileType = sourcecode.c.objc; path = HOPRolodexContact.m; sourceTree = "<group>"; };
		8758404917B151AD006B9A21 /* HOPIdentityContact.h */ = {isa = PBXFileReference; fileEncoding = 4; lastKnownFileType = sourcecode.c.h; path = HOPIdentityContact.h; sourceTree = "<group>"; };
		8758404A17B151AD006B9A21 /* HOPIdentityContact.m */ = {isa = PBXFileReference; fileEncoding = 4; lastKnownFileType = sourcecode.c.objc; path = HOPIdentityContact.m; sourceTree = "<group>"; };
		8758404D17B151AD006B9A21 /* HOPIdentityProvider.h */ = {isa = PBXFileReference; fileEncoding = 4; lastKnownFileType = sourcecode.c.h; path = HOPIdentityProvider.h; sourceTree = "<group>"; };
		8758404E17B151AD006B9A21 /* HOPIdentityProvider.m */ = {isa = PBXFileReference; fileEncoding = 4; lastKnownFileType = sourcecode.c.objc; path = HOPIdentityProvider.m; sourceTree = "<group>"; };
		8758405517B151AE006B9A21 /* HOPPublicPeerFile.h */ = {isa = PBXFileReference; fileEncoding = 4; lastKnownFileType = sourcecode.c.h; path = HOPPublicPeerFile.h; sourceTree = "<group>"; };
		8758405617B151AE006B9A21 /* HOPPublicPeerFile.m */ = {isa = PBXFileReference; fileEncoding = 4; lastKnownFileType = sourcecode.c.objc; path = HOPPublicPeerFile.m; sourceTree = "<group>"; };
		8758405917B17CB0006B9A21 /* HOPModelManager.h */ = {isa = PBXFileReference; fileEncoding = 4; lastKnownFileType = sourcecode.c.h; path = HOPModelManager.h; sourceTree = "<group>"; };
		8758405B17B17CD0006B9A21 /* HOPModelManager.m */ = {isa = PBXFileReference; fileEncoding = 4; lastKnownFileType = sourcecode.c.objc; path = HOPModelManager.m; sourceTree = "<group>"; };
		8758405D17B290B7006B9A21 /* HOPHomeUser.h */ = {isa = PBXFileReference; fileEncoding = 4; lastKnownFileType = sourcecode.c.h; path = HOPHomeUser.h; sourceTree = "<group>"; };
		8758405E17B290B8006B9A21 /* HOPHomeUser.m */ = {isa = PBXFileReference; fileEncoding = 4; lastKnownFileType = sourcecode.c.objc; path = HOPHomeUser.m; sourceTree = "<group>"; };
		8783858F17A84FAA003C6EEA /* HOPRolodexContact+External.h */ = {isa = PBXFileReference; fileEncoding = 4; lastKnownFileType = sourcecode.c.h; path = "HOPRolodexContact+External.h"; sourceTree = "<group>"; };
		8783859017A84FAA003C6EEA /* HOPRolodexContact+External.mm */ = {isa = PBXFileReference; fileEncoding = 4; lastKnownFileType = sourcecode.cpp.objcpp; path = "HOPRolodexContact+External.mm"; sourceTree = "<group>"; };
		8792E86816519CFF00DEAC58 /* libOpenpeerSDK.a */ = {isa = PBXFileReference; explicitFileType = archive.ar; includeInIndex = 0; path = libOpenpeerSDK.a; sourceTree = BUILT_PRODUCTS_DIR; };
		8792E86B16519CFF00DEAC58 /* Foundation.framework */ = {isa = PBXFileReference; lastKnownFileType = wrapper.framework; name = Foundation.framework; path = System/Library/Frameworks/Foundation.framework; sourceTree = SDKROOT; };
		8792E86F16519CFF00DEAC58 /* openpeer-ios-sdk-Prefix.pch */ = {isa = PBXFileReference; lastKnownFileType = sourcecode.c.h; path = "openpeer-ios-sdk-Prefix.pch"; sourceTree = "<group>"; };
		8792E8F41651A04800DEAC58 /* zsLib_ios.xcodeproj */ = {isa = PBXFileReference; lastKnownFileType = "wrapper.pb-project"; name = zsLib_ios.xcodeproj; path = libs/op/libs/zsLib/projects/xcode/zsLib_ios/zsLib_ios.xcodeproj; sourceTree = SOURCE_ROOT; };
		8792E8FD1651A08F00DEAC58 /* udns_ios.xcodeproj */ = {isa = PBXFileReference; lastKnownFileType = "wrapper.pb-project"; name = udns_ios.xcodeproj; path = libs/op/libs/udns/projects/xcode/udns_ios/udns_ios.xcodeproj; sourceTree = SOURCE_ROOT; };
		8792E9091651A0A600DEAC58 /* hfstack_ios.xcodeproj */ = {isa = PBXFileReference; lastKnownFileType = "wrapper.pb-project"; name = hfstack_ios.xcodeproj; path = libs/op/projects/xcode/hfstack_ios/hfstack_ios.xcodeproj; sourceTree = SOURCE_ROOT; };
		8792E9151651A0BB00DEAC58 /* hfcore_ios.xcodeproj */ = {isa = PBXFileReference; lastKnownFileType = "wrapper.pb-project"; name = hfcore_ios.xcodeproj; path = libs/op/projects/xcode/hfcore_ios/hfcore_ios.xcodeproj; sourceTree = SOURCE_ROOT; };
		8792E9211651A0D000DEAC58 /* hfservices_ios.xcodeproj */ = {isa = PBXFileReference; lastKnownFileType = "wrapper.pb-project"; name = hfservices_ios.xcodeproj; path = libs/op/projects/xcode/hfservices_ios/hfservices_ios.xcodeproj; sourceTree = SOURCE_ROOT; };
		8792E9AA1651A12B00DEAC58 /* cryptopp_ios.xcodeproj */ = {isa = PBXFileReference; lastKnownFileType = "wrapper.pb-project"; name = cryptopp_ios.xcodeproj; path = libs/op/libs/cryptopp/projects/xcode/cryptopp_ios/cryptopp_ios.xcodeproj; sourceTree = SOURCE_ROOT; };
		8792E9BE1651A43E00DEAC58 /* HOPStack.h */ = {isa = PBXFileReference; fileEncoding = 4; lastKnownFileType = sourcecode.c.h; path = HOPStack.h; sourceTree = "<group>"; };
		8792E9C11651A8DA00DEAC58 /* libboost_date_time.a */ = {isa = PBXFileReference; lastKnownFileType = archive.ar; name = libboost_date_time.a; path = libs/op/libs/boost/staging/iPhoneOS/lib/libboost_date_time.a; sourceTree = SOURCE_ROOT; };
		8792E9C21651A8DA00DEAC58 /* libboost_regex.a */ = {isa = PBXFileReference; lastKnownFileType = archive.ar; name = libboost_regex.a; path = libs/op/libs/boost/staging/iPhoneOS/lib/libboost_regex.a; sourceTree = SOURCE_ROOT; };
		8792E9C31651A8DA00DEAC58 /* libboost_thread.a */ = {isa = PBXFileReference; lastKnownFileType = archive.ar; name = libboost_thread.a; path = libs/op/libs/boost/staging/iPhoneOS/lib/libboost_thread.a; sourceTree = SOURCE_ROOT; };
		8792E9C41651A8DA00DEAC58 /* libcurl.a */ = {isa = PBXFileReference; lastKnownFileType = archive.ar; name = libcurl.a; path = libs/op/libs/curl/staging/libcurl.a; sourceTree = SOURCE_ROOT; };
		8792E9CC1651B21F00DEAC58 /* HOPContact.h */ = {isa = PBXFileReference; fileEncoding = 4; lastKnownFileType = sourcecode.c.h; path = HOPContact.h; sourceTree = "<group>"; };
		87A5B18C16EDE5EB007E825A /* HOPAccount.mm */ = {isa = PBXFileReference; fileEncoding = 4; lastKnownFileType = sourcecode.cpp.objcpp; path = HOPAccount.mm; sourceTree = "<group>"; };
		87A5B18E16EDE5EB007E825A /* HOPCall.mm */ = {isa = PBXFileReference; fileEncoding = 4; lastKnownFileType = sourcecode.cpp.objcpp; path = HOPCall.mm; sourceTree = "<group>"; };
		87A5B18F16EDE5EB007E825A /* HOPContact.mm */ = {isa = PBXFileReference; fileEncoding = 4; lastKnownFileType = sourcecode.cpp.objcpp; path = HOPContact.mm; sourceTree = "<group>"; };
		87A5B19016EDE5EB007E825A /* HOPConversationThread.mm */ = {isa = PBXFileReference; fileEncoding = 4; lastKnownFileType = sourcecode.cpp.objcpp; path = HOPConversationThread.mm; sourceTree = "<group>"; };
		87A5B19116EDE5EB007E825A /* HOPIdentity.mm */ = {isa = PBXFileReference; fileEncoding = 4; lastKnownFileType = sourcecode.cpp.objcpp; path = HOPIdentity.mm; sourceTree = "<group>"; };
		87A5B19316EDE5EB007E825A /* HOPLogger.mm */ = {isa = PBXFileReference; fileEncoding = 4; lastKnownFileType = sourcecode.cpp.objcpp; path = HOPLogger.mm; sourceTree = "<group>"; };
		87A5B19516EDE5EB007E825A /* HOPMediaEngine.mm */ = {isa = PBXFileReference; fileEncoding = 4; lastKnownFileType = sourcecode.cpp.objcpp; path = HOPMediaEngine.mm; sourceTree = "<group>"; };
		87A5B19616EDE5EB007E825A /* HOPMediaEngineRtpRtcpStatistics.m */ = {isa = PBXFileReference; fileEncoding = 4; lastKnownFileType = sourcecode.c.objc; path = HOPMediaEngineRtpRtcpStatistics.m; sourceTree = "<group>"; };
		87A5B19716EDE5EB007E825A /* HOPMessage.m */ = {isa = PBXFileReference; fileEncoding = 4; lastKnownFileType = sourcecode.c.objc; path = HOPMessage.m; sourceTree = "<group>"; };
		87A5B19E16EDE5EB007E825A /* HOPStack.mm */ = {isa = PBXFileReference; fileEncoding = 4; lastKnownFileType = sourcecode.cpp.objcpp; path = HOPStack.mm; sourceTree = "<group>"; };
		87A5B19F16EDE5EB007E825A /* OpenPeerLoggerDelegate.mm */ = {isa = PBXFileReference; fileEncoding = 4; lastKnownFileType = sourcecode.cpp.objcpp; path = OpenPeerLoggerDelegate.mm; sourceTree = "<group>"; };
		87A5B1B516EDE5F9007E825A /* HOPAccount_Internal.h */ = {isa = PBXFileReference; fileEncoding = 4; lastKnownFileType = sourcecode.c.h; path = HOPAccount_Internal.h; sourceTree = "<group>"; };
		87A5B1B716EDE5F9007E825A /* HOPCall_Internal.h */ = {isa = PBXFileReference; fileEncoding = 4; lastKnownFileType = sourcecode.c.h; path = HOPCall_Internal.h; sourceTree = "<group>"; };
		87A5B1B816EDE5F9007E825A /* HOPContact_Internal.h */ = {isa = PBXFileReference; fileEncoding = 4; lastKnownFileType = sourcecode.c.h; path = HOPContact_Internal.h; sourceTree = "<group>"; };
		87A5B1B916EDE5F9007E825A /* HOPConversationThread_Internal.h */ = {isa = PBXFileReference; fileEncoding = 4; lastKnownFileType = sourcecode.c.h; path = HOPConversationThread_Internal.h; sourceTree = "<group>"; };
		87A5B1BA16EDE5F9007E825A /* HOPIdentity_Internal.h */ = {isa = PBXFileReference; fileEncoding = 4; lastKnownFileType = sourcecode.c.h; path = HOPIdentity_Internal.h; sourceTree = "<group>"; };
		87A5B1BB16EDE5F9007E825A /* HOPMediaEngine_Internal.h */ = {isa = PBXFileReference; fileEncoding = 4; lastKnownFileType = sourcecode.c.h; path = HOPMediaEngine_Internal.h; sourceTree = "<group>"; };
		87A5B1C116EDE5F9007E825A /* HOPStack_Internal.h */ = {isa = PBXFileReference; fileEncoding = 4; lastKnownFileType = sourcecode.c.h; path = HOPStack_Internal.h; sourceTree = "<group>"; };
		87A5B1C216EDE5F9007E825A /* OpenPeerAccountDelegate.h */ = {isa = PBXFileReference; fileEncoding = 4; lastKnownFileType = sourcecode.c.h; path = OpenPeerAccountDelegate.h; sourceTree = "<group>"; };
		87A5B1C316EDE5F9007E825A /* OpenPeerIdentityLookupDelegate.h */ = {isa = PBXFileReference; fileEncoding = 4; lastKnownFileType = sourcecode.c.h; path = OpenPeerIdentityLookupDelegate.h; sourceTree = "<group>"; };
		87A5B1C616EDE5F9007E825A /* OpenPeerCallDelegate.h */ = {isa = PBXFileReference; fileEncoding = 4; lastKnownFileType = sourcecode.c.h; path = OpenPeerCallDelegate.h; sourceTree = "<group>"; };
		87A5B1C716EDE5F9007E825A /* OpenPeerConversationThreadDelegate.h */ = {isa = PBXFileReference; fileEncoding = 4; lastKnownFileType = sourcecode.c.h; path = OpenPeerConversationThreadDelegate.h; sourceTree = "<group>"; };
		87A5B1C816EDE5F9007E825A /* OpenPeerIdentityDelegate.h */ = {isa = PBXFileReference; fileEncoding = 4; lastKnownFileType = sourcecode.c.h; path = OpenPeerIdentityDelegate.h; sourceTree = "<group>"; };
		87A5B1C916EDE5F9007E825A /* OpenPeerLoggerDelegate.h */ = {isa = PBXFileReference; fileEncoding = 4; lastKnownFileType = sourcecode.c.h; path = OpenPeerLoggerDelegate.h; sourceTree = "<group>"; };
		87A5B1CA16EDE5F9007E825A /* OpenPeerMediaEngineDelegate.h */ = {isa = PBXFileReference; fileEncoding = 4; lastKnownFileType = sourcecode.c.h; path = OpenPeerMediaEngineDelegate.h; sourceTree = "<group>"; };
		87A5B1CD16EDE5F9007E825A /* OpenPeerStackDelegate.h */ = {isa = PBXFileReference; fileEncoding = 4; lastKnownFileType = sourcecode.c.h; path = OpenPeerStackDelegate.h; sourceTree = "<group>"; };
		87A5B1CE16EDE5F9007E825A /* OpenPeerStorageManager.h */ = {isa = PBXFileReference; fileEncoding = 4; lastKnownFileType = sourcecode.c.h; path = OpenPeerStorageManager.h; sourceTree = "<group>"; };
		87A5B1CF16EDE5F9007E825A /* OpenPeerUtility.h */ = {isa = PBXFileReference; fileEncoding = 4; lastKnownFileType = sourcecode.c.h; path = OpenPeerUtility.h; sourceTree = "<group>"; };
		87A5B1D116EDE5F9007E825A /* OpenPeerAccountDelegate.mm */ = {isa = PBXFileReference; fileEncoding = 4; lastKnownFileType = sourcecode.cpp.objcpp; path = OpenPeerAccountDelegate.mm; sourceTree = "<group>"; };
		87A5B1D216EDE5F9007E825A /* OpenPeerIdentityLookupDelegate.mm */ = {isa = PBXFileReference; fileEncoding = 4; lastKnownFileType = sourcecode.cpp.objcpp; path = OpenPeerIdentityLookupDelegate.mm; sourceTree = "<group>"; };
		87A5B1D516EDE5F9007E825A /* OpenPeerCallDelegate.mm */ = {isa = PBXFileReference; fileEncoding = 4; lastKnownFileType = sourcecode.cpp.objcpp; path = OpenPeerCallDelegate.mm; sourceTree = "<group>"; };
		87A5B1D616EDE5F9007E825A /* OpenPeerConversationThreadDelegate.mm */ = {isa = PBXFileReference; fileEncoding = 4; lastKnownFileType = sourcecode.cpp.objcpp; path = OpenPeerConversationThreadDelegate.mm; sourceTree = "<group>"; };
		87A5B1D716EDE5F9007E825A /* OpenPeerIdentityDelegate.mm */ = {isa = PBXFileReference; fileEncoding = 4; lastKnownFileType = sourcecode.cpp.objcpp; path = OpenPeerIdentityDelegate.mm; sourceTree = "<group>"; };
		87A5B1D816EDE5F9007E825A /* OpenPeerMediaEngineDelegate.mm */ = {isa = PBXFileReference; fileEncoding = 4; lastKnownFileType = sourcecode.cpp.objcpp; path = OpenPeerMediaEngineDelegate.mm; sourceTree = "<group>"; };
		87A5B1DB16EDE5F9007E825A /* OpenPeerStackDelegate.mm */ = {isa = PBXFileReference; fileEncoding = 4; lastKnownFileType = sourcecode.cpp.objcpp; path = OpenPeerStackDelegate.mm; sourceTree = "<group>"; };
		87A5B1DC16EDE5F9007E825A /* OpenPeerStorageManager.mm */ = {isa = PBXFileReference; fileEncoding = 4; lastKnownFileType = sourcecode.cpp.objcpp; path = OpenPeerStorageManager.mm; sourceTree = "<group>"; };
		87A5B1DD16EDE5F9007E825A /* OpenPeerUtility.mm */ = {isa = PBXFileReference; fileEncoding = 4; lastKnownFileType = sourcecode.cpp.objcpp; path = OpenPeerUtility.mm; sourceTree = "<group>"; };
		87A5B20616EDE648007E825A /* HOPIdentityLookup.mm */ = {isa = PBXFileReference; fileEncoding = 4; lastKnownFileType = sourcecode.cpp.objcpp; path = HOPIdentityLookup.mm; sourceTree = "<group>"; };
		87A5B20816EDE656007E825A /* HOPIdentityLookup.h */ = {isa = PBXFileReference; lastKnownFileType = sourcecode.c.h; path = HOPIdentityLookup.h; sourceTree = "<group>"; };
		87A5B20916EDE9A4007E825A /* HOPIdentityLookup_Internal.h */ = {isa = PBXFileReference; lastKnownFileType = sourcecode.c.h; path = HOPIdentityLookup_Internal.h; sourceTree = "<group>"; };
		87B864CA1796BBB20027F8B1 /* CoreFoundation.framework */ = {isa = PBXFileReference; lastKnownFileType = wrapper.framework; name = CoreFoundation.framework; path = System/Library/Frameworks/CoreFoundation.framework; sourceTree = SDKROOT; };
		87B864CE1796BBB20027F8B1 /* OpenPeerModels-Info.plist */ = {isa = PBXFileReference; lastKnownFileType = text.plist.xml; path = "OpenPeerModels-Info.plist"; sourceTree = "<group>"; };
		87B864D01796BBB20027F8B1 /* en */ = {isa = PBXFileReference; lastKnownFileType = text.plist.strings; name = en; path = en.lproj/InfoPlist.strings; sourceTree = "<group>"; };
		87B864D21796BBB20027F8B1 /* OpenPeerModels-Prefix.pch */ = {isa = PBXFileReference; lastKnownFileType = sourcecode.c.h; path = "OpenPeerModels-Prefix.pch"; sourceTree = "<group>"; };
		87CEF2C2179D4E4B003770EE /* HOPRolodexContact_Internal.h */ = {isa = PBXFileReference; lastKnownFileType = sourcecode.c.h; path = HOPRolodexContact_Internal.h; sourceTree = "<group>"; };
		87CEF2EC179D5CD0003770EE /* HOPRolodexContact_Internal.mm */ = {isa = PBXFileReference; fileEncoding = 4; lastKnownFileType = sourcecode.cpp.objcpp; path = HOPRolodexContact_Internal.mm; sourceTree = "<group>"; };
		87CEF2EE179DC7E0003770EE /* HOPAvatar_Internal.mm */ = {isa = PBXFileReference; fileEncoding = 4; lastKnownFileType = sourcecode.cpp.objcpp; path = HOPAvatar_Internal.mm; sourceTree = "<group>"; };
		87CEF2EF179DC7E0003770EE /* HOPAvatar_Internal.h */ = {isa = PBXFileReference; fileEncoding = 4; lastKnownFileType = sourcecode.c.h; path = HOPAvatar_Internal.h; sourceTree = "<group>"; };
		87D91A7617673E6A00E46B66 /* OpenPeerCacheDelegate.h */ = {isa = PBXFileReference; lastKnownFileType = sourcecode.c.h; path = OpenPeerCacheDelegate.h; sourceTree = "<group>"; };
		87D91AA51767509700E46B66 /* OpenPeerCacheDelegate.mm */ = {isa = PBXFileReference; fileEncoding = 4; lastKnownFileType = sourcecode.cpp.objcpp; path = OpenPeerCacheDelegate.mm; sourceTree = "<group>"; };
		87DD73CB17AFC1210086C295 /* webrtc_ios.xcodeproj */ = {isa = PBXFileReference; lastKnownFileType = "wrapper.pb-project"; name = webrtc_ios.xcodeproj; path = libs/op/libs/webrtc/webrtc_ios.xcodeproj; sourceTree = SOURCE_ROOT; };
		87DD73DD17AFD1AB0086C295 /* OpenPeerConstants.h */ = {isa = PBXFileReference; lastKnownFileType = sourcecode.c.h; path = OpenPeerConstants.h; sourceTree = "<group>"; };
		87DD73DE17AFD1BE0086C295 /* OpenPeerConstants.m */ = {isa = PBXFileReference; fileEncoding = 4; lastKnownFileType = sourcecode.c.objc; path = OpenPeerConstants.m; sourceTree = "<group>"; };
		87DFA51D16E7576900C77326 /* HOPLogger.h */ = {isa = PBXFileReference; lastKnownFileType = sourcecode.c.h; path = HOPLogger.h; sourceTree = "<group>"; };
		87E3CCE8172A82BC00084D2F /* HOPIdentityLookupInfo.h */ = {isa = PBXFileReference; lastKnownFileType = sourcecode.c.h; path = HOPIdentityLookupInfo.h; sourceTree = "<group>"; };
		87E3CD1F172A859500084D2F /* HOPIdentityLookupInfo.mm */ = {isa = PBXFileReference; fileEncoding = 4; lastKnownFileType = sourcecode.cpp.objcpp; path = HOPIdentityLookupInfo.mm; sourceTree = "<group>"; };
		87E3CD23172A85FC00084D2F /* HOPIdentityLookupInfo_Internal.h */ = {isa = PBXFileReference; lastKnownFileType = sourcecode.c.h; path = HOPIdentityLookupInfo_Internal.h; sourceTree = "<group>"; };
		87FA4CE0165F891A00F7D973 /* HOPIdentity.h */ = {isa = PBXFileReference; fileEncoding = 4; lastKnownFileType = sourcecode.c.h; path = HOPIdentity.h; sourceTree = "<group>"; };
		E2489EAC1790404E0036CCBF /* libaudio_coding_module.a */ = {isa = PBXFileReference; lastKnownFileType = archive.ar; path = libaudio_coding_module.a; sourceTree = BUILT_PRODUCTS_DIR; };
		E2489EAD1790404E0036CCBF /* libaudio_conference_mixer.a */ = {isa = PBXFileReference; lastKnownFileType = archive.ar; path = libaudio_conference_mixer.a; sourceTree = BUILT_PRODUCTS_DIR; };
		E2489EAE1790404F0036CCBF /* libaudio_device.a */ = {isa = PBXFileReference; lastKnownFileType = archive.ar; path = libaudio_device.a; sourceTree = BUILT_PRODUCTS_DIR; };
		E2489EAF1790404F0036CCBF /* libaudio_processing_neon.a */ = {isa = PBXFileReference; lastKnownFileType = archive.ar; path = libaudio_processing_neon.a; sourceTree = BUILT_PRODUCTS_DIR; };
		E2489EB01790404F0036CCBF /* libaudio_processing.a */ = {isa = PBXFileReference; lastKnownFileType = archive.ar; path = libaudio_processing.a; sourceTree = BUILT_PRODUCTS_DIR; };
		E2489EB11790404F0036CCBF /* libbitrate_controller.a */ = {isa = PBXFileReference; lastKnownFileType = archive.ar; path = libbitrate_controller.a; sourceTree = BUILT_PRODUCTS_DIR; };
		E2489EB31790404F0036CCBF /* libCNG.a */ = {isa = PBXFileReference; lastKnownFileType = archive.ar; path = libCNG.a; sourceTree = BUILT_PRODUCTS_DIR; };
		E2489EB41790404F0036CCBF /* libcommon_audio_neon.a */ = {isa = PBXFileReference; lastKnownFileType = archive.ar; path = libcommon_audio_neon.a; sourceTree = BUILT_PRODUCTS_DIR; };
		E2489EB51790404F0036CCBF /* libcommon_audio.a */ = {isa = PBXFileReference; lastKnownFileType = archive.ar; path = libcommon_audio.a; sourceTree = BUILT_PRODUCTS_DIR; };
		E2489EB61790404F0036CCBF /* libcommon_video.a */ = {isa = PBXFileReference; lastKnownFileType = archive.ar; path = libcommon_video.a; sourceTree = BUILT_PRODUCTS_DIR; };
		E2489EB71790404F0036CCBF /* libdesktop_capture.a */ = {isa = PBXFileReference; lastKnownFileType = archive.ar; path = libdesktop_capture.a; sourceTree = BUILT_PRODUCTS_DIR; };
		E2489EB81790404F0036CCBF /* libG711.a */ = {isa = PBXFileReference; lastKnownFileType = archive.ar; path = libG711.a; sourceTree = BUILT_PRODUCTS_DIR; };
		E2489EB91790404F0036CCBF /* libG722.a */ = {isa = PBXFileReference; lastKnownFileType = archive.ar; path = libG722.a; sourceTree = BUILT_PRODUCTS_DIR; };
		E2489EBA1790404F0036CCBF /* libiLBC.a */ = {isa = PBXFileReference; lastKnownFileType = archive.ar; path = libiLBC.a; sourceTree = BUILT_PRODUCTS_DIR; };
		E2489EBB1790404F0036CCBF /* libisac_neon.a */ = {isa = PBXFileReference; lastKnownFileType = archive.ar; path = libisac_neon.a; sourceTree = BUILT_PRODUCTS_DIR; };
		E2489EBC1790404F0036CCBF /* libiSAC.a */ = {isa = PBXFileReference; lastKnownFileType = archive.ar; path = libiSAC.a; sourceTree = BUILT_PRODUCTS_DIR; };
		E2489EBD1790404F0036CCBF /* libiSACFix.a */ = {isa = PBXFileReference; lastKnownFileType = archive.ar; path = libiSACFix.a; sourceTree = BUILT_PRODUCTS_DIR; };
		E2489EBE1790404F0036CCBF /* libjpeg.a */ = {isa = PBXFileReference; lastKnownFileType = archive.ar; path = libjpeg.a; sourceTree = BUILT_PRODUCTS_DIR; };
		E2489EBF1790404F0036CCBF /* libmedia_file.a */ = {isa = PBXFileReference; lastKnownFileType = archive.ar; path = libmedia_file.a; sourceTree = BUILT_PRODUCTS_DIR; };
		E2489EC01790404F0036CCBF /* libNetEq.a */ = {isa = PBXFileReference; lastKnownFileType = archive.ar; path = libNetEq.a; sourceTree = BUILT_PRODUCTS_DIR; };
		E2489EC11790404F0036CCBF /* libNetEq4.a */ = {isa = PBXFileReference; lastKnownFileType = archive.ar; path = libNetEq4.a; sourceTree = BUILT_PRODUCTS_DIR; };
		E2489EC21790404F0036CCBF /* libopus.a */ = {isa = PBXFileReference; lastKnownFileType = archive.ar; path = libopus.a; sourceTree = BUILT_PRODUCTS_DIR; };
		E2489EC31790404F0036CCBF /* libpaced_sender.a */ = {isa = PBXFileReference; lastKnownFileType = archive.ar; path = libpaced_sender.a; sourceTree = BUILT_PRODUCTS_DIR; };
		E2489EC41790404F0036CCBF /* libPCM16B.a */ = {isa = PBXFileReference; lastKnownFileType = archive.ar; path = libPCM16B.a; sourceTree = BUILT_PRODUCTS_DIR; };
		E2489EC51790404F0036CCBF /* libremote_bitrate_estimator.a */ = {isa = PBXFileReference; lastKnownFileType = archive.ar; path = libremote_bitrate_estimator.a; sourceTree = BUILT_PRODUCTS_DIR; };
		E2489EC61790404F0036CCBF /* librtp_rtcp.a */ = {isa = PBXFileReference; lastKnownFileType = archive.ar; path = librtp_rtcp.a; sourceTree = BUILT_PRODUCTS_DIR; };
		E2489EC71790404F0036CCBF /* libsystem_wrappers.a */ = {isa = PBXFileReference; lastKnownFileType = archive.ar; path = libsystem_wrappers.a; sourceTree = BUILT_PRODUCTS_DIR; };
		E2489EC81790404F0036CCBF /* libvideo_capture_module.a */ = {isa = PBXFileReference; lastKnownFileType = archive.ar; path = libvideo_capture_module.a; sourceTree = BUILT_PRODUCTS_DIR; };
		E2489EC91790404F0036CCBF /* libvideo_coding_utility.a */ = {isa = PBXFileReference; lastKnownFileType = archive.ar; path = libvideo_coding_utility.a; sourceTree = BUILT_PRODUCTS_DIR; };
		E2489ECA179040500036CCBF /* libvideo_engine_core.a */ = {isa = PBXFileReference; lastKnownFileType = archive.ar; path = libvideo_engine_core.a; sourceTree = BUILT_PRODUCTS_DIR; };
		E2489ECB179040500036CCBF /* libvideo_processing.a */ = {isa = PBXFileReference; lastKnownFileType = archive.ar; path = libvideo_processing.a; sourceTree = BUILT_PRODUCTS_DIR; };
		E2489ECC179040500036CCBF /* libvideo_render_module.a */ = {isa = PBXFileReference; lastKnownFileType = archive.ar; path = libvideo_render_module.a; sourceTree = BUILT_PRODUCTS_DIR; };
		E2489ECD179040500036CCBF /* libvoice_engine.a */ = {isa = PBXFileReference; lastKnownFileType = archive.ar; path = libvoice_engine.a; sourceTree = BUILT_PRODUCTS_DIR; };
		E2489ECE179040500036CCBF /* libvpx_asm_offsets_vp8.a */ = {isa = PBXFileReference; lastKnownFileType = archive.ar; path = libvpx_asm_offsets_vp8.a; sourceTree = BUILT_PRODUCTS_DIR; };
		E2489ECF179040500036CCBF /* libvpx_asm_offsets_vpx_scale.a */ = {isa = PBXFileReference; lastKnownFileType = archive.ar; path = libvpx_asm_offsets_vpx_scale.a; sourceTree = BUILT_PRODUCTS_DIR; };
		E2489ED0179040500036CCBF /* libvpx.a */ = {isa = PBXFileReference; lastKnownFileType = archive.ar; path = libvpx.a; sourceTree = BUILT_PRODUCTS_DIR; };
		E2489ED1179040500036CCBF /* libwebrtc_i420.a */ = {isa = PBXFileReference; lastKnownFileType = archive.ar; path = libwebrtc_i420.a; sourceTree = BUILT_PRODUCTS_DIR; };
		E2489ED2179040500036CCBF /* libwebrtc_opus.a */ = {isa = PBXFileReference; lastKnownFileType = archive.ar; path = libwebrtc_opus.a; sourceTree = BUILT_PRODUCTS_DIR; };
		E2489ED3179040500036CCBF /* libwebrtc_utility.a */ = {isa = PBXFileReference; lastKnownFileType = archive.ar; path = libwebrtc_utility.a; sourceTree = BUILT_PRODUCTS_DIR; };
		E2489ED4179040500036CCBF /* libwebrtc_video_coding.a */ = {isa = PBXFileReference; lastKnownFileType = archive.ar; path = libwebrtc_video_coding.a; sourceTree = BUILT_PRODUCTS_DIR; };
		E2489ED5179040500036CCBF /* libwebrtc_vp8.a */ = {isa = PBXFileReference; lastKnownFileType = archive.ar; path = libwebrtc_vp8.a; sourceTree = BUILT_PRODUCTS_DIR; };
		E2489ED6179040500036CCBF /* libyuv.a */ = {isa = PBXFileReference; lastKnownFileType = archive.ar; path = libyuv.a; sourceTree = BUILT_PRODUCTS_DIR; };
/* End PBXFileReference section */

/* Begin PBXFrameworksBuildPhase section */
		8792E86516519CFF00DEAC58 /* Frameworks */ = {
			isa = PBXFrameworksBuildPhase;
			buildActionMask = 2147483647;
			files = (
				871BC9A5179EEB4000AEA4A6 /* CoreData.framework in Frameworks */,
				E2489ED7179040500036CCBF /* libaudio_coding_module.a in Frameworks */,
				E2489ED8179040500036CCBF /* libaudio_conference_mixer.a in Frameworks */,
				E2489ED9179040500036CCBF /* libaudio_device.a in Frameworks */,
				E2489EDA179040500036CCBF /* libaudio_processing_neon.a in Frameworks */,
				E2489EDB179040500036CCBF /* libaudio_processing.a in Frameworks */,
				E2489EDC179040500036CCBF /* libbitrate_controller.a in Frameworks */,
				E2489EDE179040500036CCBF /* libCNG.a in Frameworks */,
				E2489EDF179040500036CCBF /* libcommon_audio_neon.a in Frameworks */,
				E2489EE0179040500036CCBF /* libcommon_audio.a in Frameworks */,
				E2489EE1179040500036CCBF /* libcommon_video.a in Frameworks */,
				E2489EE2179040500036CCBF /* libdesktop_capture.a in Frameworks */,
				E2489EE3179040500036CCBF /* libG711.a in Frameworks */,
				E2489EE4179040500036CCBF /* libG722.a in Frameworks */,
				E2489EE5179040500036CCBF /* libiLBC.a in Frameworks */,
				E2489EE6179040500036CCBF /* libisac_neon.a in Frameworks */,
				E2489EE7179040500036CCBF /* libiSAC.a in Frameworks */,
				E2489EE8179040500036CCBF /* libiSACFix.a in Frameworks */,
				E2489EE9179040500036CCBF /* libjpeg.a in Frameworks */,
				E2489EEA179040500036CCBF /* libmedia_file.a in Frameworks */,
				E2489EEB179040500036CCBF /* libNetEq.a in Frameworks */,
				E2489EEC179040500036CCBF /* libNetEq4.a in Frameworks */,
				E2489EED179040500036CCBF /* libopus.a in Frameworks */,
				E2489EEE179040500036CCBF /* libpaced_sender.a in Frameworks */,
				E2489EEF179040500036CCBF /* libPCM16B.a in Frameworks */,
				E2489EF0179040500036CCBF /* libremote_bitrate_estimator.a in Frameworks */,
				E2489EF1179040500036CCBF /* librtp_rtcp.a in Frameworks */,
				E2489EF2179040500036CCBF /* libsystem_wrappers.a in Frameworks */,
				E2489EF3179040500036CCBF /* libvideo_capture_module.a in Frameworks */,
				E2489EF4179040500036CCBF /* libvideo_coding_utility.a in Frameworks */,
				E2489EF5179040500036CCBF /* libvideo_engine_core.a in Frameworks */,
				E2489EF6179040500036CCBF /* libvideo_processing.a in Frameworks */,
				E2489EF7179040500036CCBF /* libvideo_render_module.a in Frameworks */,
				E2489EF8179040500036CCBF /* libvoice_engine.a in Frameworks */,
				E2489EF9179040500036CCBF /* libvpx_asm_offsets_vp8.a in Frameworks */,
				E2489EFA179040500036CCBF /* libvpx_asm_offsets_vpx_scale.a in Frameworks */,
				E2489EFB179040500036CCBF /* libvpx.a in Frameworks */,
				E2489EFC179040500036CCBF /* libwebrtc_i420.a in Frameworks */,
				E2489EFD179040500036CCBF /* libwebrtc_opus.a in Frameworks */,
				E2489EFE179040500036CCBF /* libwebrtc_utility.a in Frameworks */,
				E2489EFF179040500036CCBF /* libwebrtc_video_coding.a in Frameworks */,
				E2489F00179040500036CCBF /* libwebrtc_vp8.a in Frameworks */,
				E2489F01179040500036CCBF /* libyuv.a in Frameworks */,
				00EB8DCF177D1C1600FFD40F /* libhfcore_ios.a in Frameworks */,
				00EB8DD0177D1C1600FFD40F /* libhfstack_ios.a in Frameworks */,
				00EB8DC3177D15BD00FFD40F /* libcryptopp_ios.a in Frameworks */,
				00EB8DC4177D15BD00FFD40F /* libhfservices_ios.a in Frameworks */,
				00EB8DC6177D15BD00FFD40F /* libudns_ios.a in Frameworks */,
				00EB8DC7177D15BD00FFD40F /* libzsLib_ios.a in Frameworks */,
				8792E9C51651A8DA00DEAC58 /* libboost_date_time.a in Frameworks */,
				8792E9C61651A8DA00DEAC58 /* libboost_regex.a in Frameworks */,
				8792E9C71651A8DA00DEAC58 /* libboost_thread.a in Frameworks */,
				8792E9C81651A8DA00DEAC58 /* libcurl.a in Frameworks */,
				8792E86C16519CFF00DEAC58 /* Foundation.framework in Frameworks */,
				0024393A178F52D300B79368 /* Security.framework in Frameworks */,
				87343EDC165A50D60070E6E0 /* UIKit.framework in Frameworks */,
			);
			runOnlyForDeploymentPostprocessing = 0;
		};
/* End PBXFrameworksBuildPhase section */

/* Begin PBXGroup section */
		0012C521177D10110017FF5E /* Libraries */ = {
			isa = PBXGroup;
			children = (
				8792E9C11651A8DA00DEAC58 /* libboost_date_time.a */,
				8792E9C21651A8DA00DEAC58 /* libboost_regex.a */,
				8792E9C31651A8DA00DEAC58 /* libboost_thread.a */,
				8792E9C41651A8DA00DEAC58 /* libcurl.a */,
			);
			name = Libraries;
			sourceTree = "<group>";
		};
		0012C52C177D10A80017FF5E /* Products */ = {
			isa = PBXGroup;
			children = (
				0012C530177D10A80017FF5E /* libhfservices_ios.a */,
			);
			name = Products;
			sourceTree = "<group>";
		};
		0012C531177D10C80017FF5E /* Products */ = {
			isa = PBXGroup;
			children = (
				0012C535177D10C80017FF5E /* libcryptopp_ios.a */,
			);
			name = Products;
			sourceTree = "<group>";
		};
		0012C536177D10F70017FF5E /* Products */ = {
			isa = PBXGroup;
			children = (
				0012C53A177D10F70017FF5E /* libudns_ios.a */,
			);
			name = Products;
			sourceTree = "<group>";
		};
		00EB8DA8177D14DA00FFD40F /* Products */ = {
			isa = PBXGroup;
			children = (
				00EB8DB1177D14DA00FFD40F /* libzsLib_ios.a */,
			);
			name = Products;
			sourceTree = "<group>";
		};
		00EB8DB2177D14DB00FFD40F /* Products */ = {
			isa = PBXGroup;
			children = (
				00EB8DB6177D14DB00FFD40F /* libhfstack_ios.a */,
			);
			name = Products;
			sourceTree = "<group>";
		};
		00EB8DCA177D1BE600FFD40F /* Products */ = {
			isa = PBXGroup;
			children = (
				00EB8DCE177D1BE600FFD40F /* libhfcore_ios.a */,
			);
			name = Products;
			sourceTree = "<group>";
		};
		8702E53A17997568003287D5 /* model */ = {
			isa = PBXGroup;
			children = (
				8702E53B17997568003287D5 /* OpenPeerModel.xcdatamodeld */,
				8758405D17B290B7006B9A21 /* HOPHomeUser.h */,
				8758405E17B290B8006B9A21 /* HOPHomeUser.m */,
				8758405517B151AE006B9A21 /* HOPPublicPeerFile.h */,
				8758405617B151AE006B9A21 /* HOPPublicPeerFile.m */,
				8758404D17B151AD006B9A21 /* HOPIdentityProvider.h */,
				8758404E17B151AD006B9A21 /* HOPIdentityProvider.m */,
				8758404917B151AD006B9A21 /* HOPIdentityContact.h */,
				8758404A17B151AD006B9A21 /* HOPIdentityContact.m */,
				8758404517B151AD006B9A21 /* HOPRolodexContact.h */,
				8758404617B151AD006B9A21 /* HOPRolodexContact.m */,
				8758404017B151AD006B9A21 /* HOPAvatar.h */,
				8758404117B151AD006B9A21 /* HOPAvatar.m */,
				87CEF2C2179D4E4B003770EE /* HOPRolodexContact_Internal.h */,
				87CEF2EC179D5CD0003770EE /* HOPRolodexContact_Internal.mm */,
				87CEF2EE179DC7E0003770EE /* HOPAvatar_Internal.mm */,
				87CEF2EF179DC7E0003770EE /* HOPAvatar_Internal.h */,
				871BC9C317A1233500AEA4A6 /* HOPIdentityContact_Internal.h */,
				871BC9C417A1233600AEA4A6 /* HOPIdentityContact_Internal.mm */,
				8783858F17A84FAA003C6EEA /* HOPRolodexContact+External.h */,
				8783859017A84FAA003C6EEA /* HOPRolodexContact+External.mm */,
			);
			path = model;
			sourceTree = "<group>";
		};
		8792E85D16519CFF00DEAC58 = {
			isa = PBXGroup;
			children = (
				871BC9A4179EEB3F00AEA4A6 /* CoreData.framework */,
				8792E8F21651A01400DEAC58 /* Core Projects */,
				8792E86D16519CFF00DEAC58 /* openpeer-ios-sdk */,
				E2AF705717561D74001F85F1 /* WebRTC libs */,
				0012C521177D10110017FF5E /* Libraries */,
				87B864CC1796BBB20027F8B1 /* OpenPeerModels */,
				8792E86A16519CFF00DEAC58 /* Frameworks */,
				8792E86916519CFF00DEAC58 /* Products */,
			);
			sourceTree = "<group>";
		};
		8792E86916519CFF00DEAC58 /* Products */ = {
			isa = PBXGroup;
			children = (
				8792E86816519CFF00DEAC58 /* libOpenpeerSDK.a */,
			);
			name = Products;
			sourceTree = "<group>";
		};
		8792E86A16519CFF00DEAC58 /* Frameworks */ = {
			isa = PBXGroup;
			children = (
				874ADC38166DF0F30095FE33 /* libresolv.dylib */,
				874ADC36166DF0E20095FE33 /* libz.dylib */,
				8792E86B16519CFF00DEAC58 /* Foundation.framework */,
				00243939178F52D300B79368 /* Security.framework */,
				87343EDB165A50D60070E6E0 /* UIKit.framework */,
				87B864CA1796BBB20027F8B1 /* CoreFoundation.framework */,
			);
			name = Frameworks;
			sourceTree = "<group>";
		};
		8792E86D16519CFF00DEAC58 /* openpeer-ios-sdk */ = {
			isa = PBXGroup;
			children = (
				8702E53A17997568003287D5 /* model */,
				87A5B1B416EDE5F9007E825A /* internal */,
				87A5B18B16EDE5EB007E825A /* source */,
				8792E86E16519CFF00DEAC58 /* Supporting Files */,
				872E40771653CFE2006ECA60 /* HOPTypes.h */,
				8792E9BE1651A43E00DEAC58 /* HOPStack.h */,
				874F65A716528FCF00E580F0 /* HOPProtocols.h */,
				874F65731652628500E580F0 /* HOPCall.h */,
				8792E9CC1651B21F00DEAC58 /* HOPContact.h */,
				874F6579165264BF00E580F0 /* HOPConversationThread.h */,
				8758405917B17CB0006B9A21 /* HOPModelManager.h */,
				874F657C1652652A00E580F0 /* HOPMediaEngine.h */,
				87343FE9165E4B0C0070E6E0 /* HOPMediaEngineRtpRtcpStatistics.h */,
				87FA4CE0165F891A00F7D973 /* HOPIdentity.h */,
				872725C1166636F50089CBB6 /* HOPMessage.h */,
				87DFA51D16E7576900C77326 /* HOPLogger.h */,
				8740FFD316E88A37008016C0 /* HOPAccount.h */,
				87A5B20816EDE656007E825A /* HOPIdentityLookup.h */,
				87E3CCE8172A82BC00084D2F /* HOPIdentityLookupInfo.h */,
				872DA9E7175CECB1000CCA76 /* HOPCache.h */,
			);
			path = "openpeer-ios-sdk";
			sourceTree = "<group>";
		};
		8792E86E16519CFF00DEAC58 /* Supporting Files */ = {
			isa = PBXGroup;
			children = (
				8792E86F16519CFF00DEAC58 /* openpeer-ios-sdk-Prefix.pch */,
			);
			name = "Supporting Files";
			sourceTree = "<group>";
		};
		8792E8F21651A01400DEAC58 /* Core Projects */ = {
			isa = PBXGroup;
			children = (
				87DD73CB17AFC1210086C295 /* webrtc_ios.xcodeproj */,
				8792E9151651A0BB00DEAC58 /* hfcore_ios.xcodeproj */,
				8792E9091651A0A600DEAC58 /* hfstack_ios.xcodeproj */,
				8792E9211651A0D000DEAC58 /* hfservices_ios.xcodeproj */,
				8792E9AA1651A12B00DEAC58 /* cryptopp_ios.xcodeproj */,
				8792E8FD1651A08F00DEAC58 /* udns_ios.xcodeproj */,
				8792E8F41651A04800DEAC58 /* zsLib_ios.xcodeproj */,
			);
			name = "Core Projects";
			path = "openpeer-ios-sdk";
			sourceTree = "<group>";
		};
		87A5B18B16EDE5EB007E825A /* source */ = {
			isa = PBXGroup;
			children = (
				8758405B17B17CD0006B9A21 /* HOPModelManager.m */,
				87A5B18C16EDE5EB007E825A /* HOPAccount.mm */,
				87A5B18E16EDE5EB007E825A /* HOPCall.mm */,
				87A5B18F16EDE5EB007E825A /* HOPContact.mm */,
				87A5B19016EDE5EB007E825A /* HOPConversationThread.mm */,
				87A5B19116EDE5EB007E825A /* HOPIdentity.mm */,
				87A5B19316EDE5EB007E825A /* HOPLogger.mm */,
				87A5B19516EDE5EB007E825A /* HOPMediaEngine.mm */,
				87A5B19616EDE5EB007E825A /* HOPMediaEngineRtpRtcpStatistics.m */,
				87A5B19716EDE5EB007E825A /* HOPMessage.m */,
				87A5B19E16EDE5EB007E825A /* HOPStack.mm */,
				87A5B19F16EDE5EB007E825A /* OpenPeerLoggerDelegate.mm */,
				87A5B20616EDE648007E825A /* HOPIdentityLookup.mm */,
				87E3CD1F172A859500084D2F /* HOPIdentityLookupInfo.mm */,
				872DA9E5175CEC9C000CCA76 /* HOPCache.mm */,
			);
			path = source;
			sourceTree = "<group>";
		};
		87A5B1B416EDE5F9007E825A /* internal */ = {
			isa = PBXGroup;
			children = (
				87A5B1B516EDE5F9007E825A /* HOPAccount_Internal.h */,
				87A5B1B716EDE5F9007E825A /* HOPCall_Internal.h */,
				87A5B1B816EDE5F9007E825A /* HOPContact_Internal.h */,
				87A5B1B916EDE5F9007E825A /* HOPConversationThread_Internal.h */,
				87A5B1BA16EDE5F9007E825A /* HOPIdentity_Internal.h */,
				87A5B1BB16EDE5F9007E825A /* HOPMediaEngine_Internal.h */,
				87A5B1C116EDE5F9007E825A /* HOPStack_Internal.h */,
				87A5B1C216EDE5F9007E825A /* OpenPeerAccountDelegate.h */,
				87A5B1C316EDE5F9007E825A /* OpenPeerIdentityLookupDelegate.h */,
				87A5B1C616EDE5F9007E825A /* OpenPeerCallDelegate.h */,
				87A5B1C716EDE5F9007E825A /* OpenPeerConversationThreadDelegate.h */,
				87A5B1C816EDE5F9007E825A /* OpenPeerIdentityDelegate.h */,
				87A5B1C916EDE5F9007E825A /* OpenPeerLoggerDelegate.h */,
				87A5B1CA16EDE5F9007E825A /* OpenPeerMediaEngineDelegate.h */,
				87A5B1CD16EDE5F9007E825A /* OpenPeerStackDelegate.h */,
				87A5B1CE16EDE5F9007E825A /* OpenPeerStorageManager.h */,
				87A5B1CF16EDE5F9007E825A /* OpenPeerUtility.h */,
				87A5B1D016EDE5F9007E825A /* source */,
				87A5B20916EDE9A4007E825A /* HOPIdentityLookup_Internal.h */,
				87E3CD23172A85FC00084D2F /* HOPIdentityLookupInfo_Internal.h */,
				87D91A7617673E6A00E46B66 /* OpenPeerCacheDelegate.h */,
				87DD73DD17AFD1AB0086C295 /* OpenPeerConstants.h */,
			);
			path = internal;
			sourceTree = "<group>";
		};
		87A5B1D016EDE5F9007E825A /* source */ = {
			isa = PBXGroup;
			children = (
				87A5B1D116EDE5F9007E825A /* OpenPeerAccountDelegate.mm */,
				87A5B1D216EDE5F9007E825A /* OpenPeerIdentityLookupDelegate.mm */,
				87A5B1D516EDE5F9007E825A /* OpenPeerCallDelegate.mm */,
				87A5B1D616EDE5F9007E825A /* OpenPeerConversationThreadDelegate.mm */,
				87A5B1D716EDE5F9007E825A /* OpenPeerIdentityDelegate.mm */,
				87A5B1D816EDE5F9007E825A /* OpenPeerMediaEngineDelegate.mm */,
				87A5B1DB16EDE5F9007E825A /* OpenPeerStackDelegate.mm */,
				87A5B1DC16EDE5F9007E825A /* OpenPeerStorageManager.mm */,
				87A5B1DD16EDE5F9007E825A /* OpenPeerUtility.mm */,
				87D91AA51767509700E46B66 /* OpenPeerCacheDelegate.mm */,
				87DD73DE17AFD1BE0086C295 /* OpenPeerConstants.m */,
			);
			path = source;
			sourceTree = "<group>";
		};
		87B864CC1796BBB20027F8B1 /* OpenPeerModels */ = {
			isa = PBXGroup;
			children = (
				87B864CD1796BBB20027F8B1 /* Supporting Files */,
			);
			path = OpenPeerModels;
			sourceTree = "<group>";
		};
		87B864CD1796BBB20027F8B1 /* Supporting Files */ = {
			isa = PBXGroup;
			children = (
				87B864CE1796BBB20027F8B1 /* OpenPeerModels-Info.plist */,
				87B864CF1796BBB20027F8B1 /* InfoPlist.strings */,
				87B864D21796BBB20027F8B1 /* OpenPeerModels-Prefix.pch */,
			);
			name = "Supporting Files";
			sourceTree = "<group>";
		};
		87DD73CC17AFC1210086C295 /* Products */ = {
			isa = PBXGroup;
			children = (
			);
			name = Products;
			sourceTree = "<group>";
		};
		E2AF705717561D74001F85F1 /* WebRTC libs */ = {
			isa = PBXGroup;
			children = (
				E2489EAC1790404E0036CCBF /* libaudio_coding_module.a */,
				E2489EAD1790404E0036CCBF /* libaudio_conference_mixer.a */,
				E2489EAE1790404F0036CCBF /* libaudio_device.a */,
				E2489EAF1790404F0036CCBF /* libaudio_processing_neon.a */,
				E2489EB01790404F0036CCBF /* libaudio_processing.a */,
				E2489EB11790404F0036CCBF /* libbitrate_controller.a */,
				E2489EB31790404F0036CCBF /* libCNG.a */,
				E2489EB41790404F0036CCBF /* libcommon_audio_neon.a */,
				E2489EB51790404F0036CCBF /* libcommon_audio.a */,
				E2489EB61790404F0036CCBF /* libcommon_video.a */,
				E2489EB71790404F0036CCBF /* libdesktop_capture.a */,
				E2489EB81790404F0036CCBF /* libG711.a */,
				E2489EB91790404F0036CCBF /* libG722.a */,
				E2489EBA1790404F0036CCBF /* libiLBC.a */,
				E2489EBB1790404F0036CCBF /* libisac_neon.a */,
				E2489EBC1790404F0036CCBF /* libiSAC.a */,
				E2489EBD1790404F0036CCBF /* libiSACFix.a */,
				E2489EBE1790404F0036CCBF /* libjpeg.a */,
				E2489EBF1790404F0036CCBF /* libmedia_file.a */,
				E2489EC01790404F0036CCBF /* libNetEq.a */,
				E2489EC11790404F0036CCBF /* libNetEq4.a */,
				E2489EC21790404F0036CCBF /* libopus.a */,
				E2489EC31790404F0036CCBF /* libpaced_sender.a */,
				E2489EC41790404F0036CCBF /* libPCM16B.a */,
				E2489EC51790404F0036CCBF /* libremote_bitrate_estimator.a */,
				E2489EC61790404F0036CCBF /* librtp_rtcp.a */,
				E2489EC71790404F0036CCBF /* libsystem_wrappers.a */,
				E2489EC81790404F0036CCBF /* libvideo_capture_module.a */,
				E2489EC91790404F0036CCBF /* libvideo_coding_utility.a */,
				E2489ECA179040500036CCBF /* libvideo_engine_core.a */,
				E2489ECB179040500036CCBF /* libvideo_processing.a */,
				E2489ECC179040500036CCBF /* libvideo_render_module.a */,
				E2489ECD179040500036CCBF /* libvoice_engine.a */,
				E2489ECE179040500036CCBF /* libvpx_asm_offsets_vp8.a */,
				E2489ECF179040500036CCBF /* libvpx_asm_offsets_vpx_scale.a */,
				E2489ED0179040500036CCBF /* libvpx.a */,
				E2489ED1179040500036CCBF /* libwebrtc_i420.a */,
				E2489ED2179040500036CCBF /* libwebrtc_opus.a */,
				E2489ED3179040500036CCBF /* libwebrtc_utility.a */,
				E2489ED4179040500036CCBF /* libwebrtc_video_coding.a */,
				E2489ED5179040500036CCBF /* libwebrtc_vp8.a */,
				E2489ED6179040500036CCBF /* libyuv.a */,
			);
			name = "WebRTC libs";
			sourceTree = "<group>";
		};
/* End PBXGroup section */

/* Begin PBXHeadersBuildPhase section */
		87B013B716611FAA00E8938B /* Headers */ = {
			isa = PBXHeadersBuildPhase;
			buildActionMask = 2147483647;
			files = (
				87B013F01661557C00E8938B /* HOPStack.h in Headers */,
				87B013F21661557C00E8938B /* HOPContact.h in Headers */,
				87B013F31661557C00E8938B /* HOPCall.h in Headers */,
				87325EF316F07D550099C0D3 /* HOPAccount.h in Headers */,
				87325EF416F07D550099C0D3 /* HOPIdentityLookup.h in Headers */,
				87B013F51661557C00E8938B /* HOPConversationThread.h in Headers */,
				87B013F61661557C00E8938B /* HOPMediaEngine.h in Headers */,
				87B013F81661557C00E8938B /* HOPProtocols.h in Headers */,
				87B013F91661557C00E8938B /* HOPTypes.h in Headers */,
				87B013FF1661557C00E8938B /* HOPMediaEngineRtpRtcpStatistics.h in Headers */,
				87D66B6016EFC3660017EF98 /* HOPLogger.h in Headers */,
				872725C3166636F50089CBB6 /* HOPMessage.h in Headers */,
				87E3CD25172A89E300084D2F /* HOPIdentityLookupInfo.h in Headers */,
				8758404217B151AD006B9A21 /* HOPAvatar.h in Headers */,
				8758404717B151AD006B9A21 /* HOPRolodexContact.h in Headers */,
				8758404B17B151AD006B9A21 /* HOPIdentityContact.h in Headers */,
				8758404F17B151AD006B9A21 /* HOPIdentityProvider.h in Headers */,
				8758405717B151AE006B9A21 /* HOPPublicPeerFile.h in Headers */,
				8758405A17B17CB0006B9A21 /* HOPModelManager.h in Headers */,
				8758405F17B290B8006B9A21 /* HOPHomeUser.h in Headers */,
				8783859117A84FAB003C6EEA /* HOPRolodexContact+External.h in Headers */,
				87B014001661557C00E8938B /* HOPIdentity.h in Headers */,
				87E3CD24172A89E300084D2F /* HOPIdentityLookupInfo_Internal.h in Headers */,
				87A5B1DE16EDE5F9007E825A /* HOPAccount_Internal.h in Headers */,
				87A5B1E016EDE5F9007E825A /* HOPCall_Internal.h in Headers */,
				87A5B1E116EDE5F9007E825A /* HOPContact_Internal.h in Headers */,
				87A5B1E216EDE5F9007E825A /* HOPConversationThread_Internal.h in Headers */,
				87A5B1E316EDE5F9007E825A /* HOPIdentity_Internal.h in Headers */,
				87A5B1E416EDE5F9007E825A /* HOPMediaEngine_Internal.h in Headers */,
				87A5B1EA16EDE5F9007E825A /* HOPStack_Internal.h in Headers */,
				87A5B1EB16EDE5F9007E825A /* OpenPeerAccountDelegate.h in Headers */,
				87A5B1EC16EDE5F9007E825A /* OpenPeerIdentityLookupDelegate.h in Headers */,
				87A5B1EF16EDE5F9007E825A /* OpenPeerCallDelegate.h in Headers */,
				87A5B1F016EDE5F9007E825A /* OpenPeerConversationThreadDelegate.h in Headers */,
				87A5B1F116EDE5F9007E825A /* OpenPeerIdentityDelegate.h in Headers */,
				87A5B1F216EDE5F9007E825A /* OpenPeerLoggerDelegate.h in Headers */,
				87A5B1F316EDE5F9007E825A /* OpenPeerMediaEngineDelegate.h in Headers */,
				87A5B1F616EDE5F9007E825A /* OpenPeerStackDelegate.h in Headers */,
				87A5B1F716EDE5F9007E825A /* OpenPeerStorageManager.h in Headers */,
				87A5B1F816EDE5F9007E825A /* OpenPeerUtility.h in Headers */,
				87CEF2F1179DC7E0003770EE /* HOPAvatar_Internal.h in Headers */,
				871BC9C517A1233800AEA4A6 /* HOPIdentityContact_Internal.h in Headers */,
			);
			runOnlyForDeploymentPostprocessing = 0;
		};
/* End PBXHeadersBuildPhase section */

/* Begin PBXNativeTarget section */
		8792E86716519CFF00DEAC58 /* OpenpeerSDK */ = {
			isa = PBXNativeTarget;
			buildConfigurationList = 8792E87616519CFF00DEAC58 /* Build configuration list for PBXNativeTarget "OpenpeerSDK" */;
			buildPhases = (
				8792E86416519CFF00DEAC58 /* Sources */,
				8792E86516519CFF00DEAC58 /* Frameworks */,
				8792E86616519CFF00DEAC58 /* CopyFiles */,
				87B013B716611FAA00E8938B /* Headers */,
				87B013E41661327800E8938B /* ShellScript */,
			);
			buildRules = (
			);
			dependencies = (
				00EB8DD2177D1C2400FFD40F /* PBXTargetDependency */,
				00EB8DD4177D1C2400FFD40F /* PBXTargetDependency */,
				00EB8DB8177D158100FFD40F /* PBXTargetDependency */,
				00EB8DBE177D158100FFD40F /* PBXTargetDependency */,
				00EB8DC0177D158100FFD40F /* PBXTargetDependency */,
				00EB8DC2177D158100FFD40F /* PBXTargetDependency */,
			);
			name = OpenpeerSDK;
			productName = "openpeer-ios-sdk";
			productReference = 8792E86816519CFF00DEAC58 /* libOpenpeerSDK.a */;
			productType = "com.apple.product-type.library.static";
		};
/* End PBXNativeTarget section */

/* Begin PBXProject section */
		8792E85F16519CFF00DEAC58 /* Project object */ = {
			isa = PBXProject;
			attributes = {
				LastUpgradeCheck = 0450;
				ORGANIZATIONNAME = Hookflash;
			};
			buildConfigurationList = 8792E86216519CFF00DEAC58 /* Build configuration list for PBXProject "openpeer-ios-sdk" */;
			compatibilityVersion = "Xcode 3.2";
			developmentRegion = English;
			hasScannedForEncodings = 0;
			knownRegions = (
				en,
			);
			mainGroup = 8792E85D16519CFF00DEAC58;
			productRefGroup = 8792E86916519CFF00DEAC58 /* Products */;
			projectDirPath = "";
			projectReferences = (
				{
					ProductGroup = 0012C531177D10C80017FF5E /* Products */;
					ProjectRef = 8792E9AA1651A12B00DEAC58 /* cryptopp_ios.xcodeproj */;
				},
				{
					ProductGroup = 00EB8DCA177D1BE600FFD40F /* Products */;
					ProjectRef = 8792E9151651A0BB00DEAC58 /* hfcore_ios.xcodeproj */;
				},
				{
					ProductGroup = 0012C52C177D10A80017FF5E /* Products */;
					ProjectRef = 8792E9211651A0D000DEAC58 /* hfservices_ios.xcodeproj */;
				},
				{
					ProductGroup = 00EB8DB2177D14DB00FFD40F /* Products */;
					ProjectRef = 8792E9091651A0A600DEAC58 /* hfstack_ios.xcodeproj */;
				},
				{
					ProductGroup = 0012C536177D10F70017FF5E /* Products */;
					ProjectRef = 8792E8FD1651A08F00DEAC58 /* udns_ios.xcodeproj */;
				},
				{
					ProductGroup = 87DD73CC17AFC1210086C295 /* Products */;
					ProjectRef = 87DD73CB17AFC1210086C295 /* webrtc_ios.xcodeproj */;
				},
				{
					ProductGroup = 00EB8DA8177D14DA00FFD40F /* Products */;
					ProjectRef = 8792E8F41651A04800DEAC58 /* zsLib_ios.xcodeproj */;
				},
			);
			projectRoot = "";
			targets = (
				8792E86716519CFF00DEAC58 /* OpenpeerSDK */,
			);
		};
/* End PBXProject section */

/* Begin PBXReferenceProxy section */
		0012C530177D10A80017FF5E /* libhfservices_ios.a */ = {
			isa = PBXReferenceProxy;
			fileType = archive.ar;
			path = libhfservices_ios.a;
			remoteRef = 0012C52F177D10A80017FF5E /* PBXContainerItemProxy */;
			sourceTree = BUILT_PRODUCTS_DIR;
		};
		0012C535177D10C80017FF5E /* libcryptopp_ios.a */ = {
			isa = PBXReferenceProxy;
			fileType = archive.ar;
			path = libcryptopp_ios.a;
			remoteRef = 0012C534177D10C80017FF5E /* PBXContainerItemProxy */;
			sourceTree = BUILT_PRODUCTS_DIR;
		};
		0012C53A177D10F70017FF5E /* libudns_ios.a */ = {
			isa = PBXReferenceProxy;
			fileType = archive.ar;
			path = libudns_ios.a;
			remoteRef = 0012C539177D10F70017FF5E /* PBXContainerItemProxy */;
			sourceTree = BUILT_PRODUCTS_DIR;
		};
		00EB8DB1177D14DA00FFD40F /* libzsLib_ios.a */ = {
			isa = PBXReferenceProxy;
			fileType = archive.ar;
			path = libzsLib_ios.a;
			remoteRef = 00EB8DB0177D14DA00FFD40F /* PBXContainerItemProxy */;
			sourceTree = BUILT_PRODUCTS_DIR;
		};
		00EB8DB6177D14DB00FFD40F /* libhfstack_ios.a */ = {
			isa = PBXReferenceProxy;
			fileType = archive.ar;
			path = libhfstack_ios.a;
			remoteRef = 00EB8DB5177D14DB00FFD40F /* PBXContainerItemProxy */;
			sourceTree = BUILT_PRODUCTS_DIR;
		};
		00EB8DCE177D1BE600FFD40F /* libhfcore_ios.a */ = {
			isa = PBXReferenceProxy;
			fileType = archive.ar;
			path = libhfcore_ios.a;
			remoteRef = 00EB8DCD177D1BE600FFD40F /* PBXContainerItemProxy */;
			sourceTree = BUILT_PRODUCTS_DIR;
		};
/* End PBXReferenceProxy section */

/* Begin PBXShellScriptBuildPhase section */
		87B013E41661327800E8938B /* ShellScript */ = {
			isa = PBXShellScriptBuildPhase;
			buildActionMask = 2147483647;
			files = (
			);
			inputPaths = (
			);
			outputPaths = (
			);
			runOnlyForDeploymentPostprocessing = 0;
			shellPath = /bin/sh;
			shellScript = "set -e\n\nFMK_VERSION=B1\n\nmkdir -p \"${BUILT_PRODUCTS_DIR}/${PRODUCT_NAME}.framework/Versions/${FMK_VERSION}/Headers\"\nmkdir -p \"${BUILT_PRODUCTS_DIR}/${PRODUCT_NAME}.framework/Versions/${FMK_VERSION}/Resources\"\n\n# Link the \"Current\" version to \"A\"\n/bin/ln -sfh ${FMK_VERSION} \"${BUILT_PRODUCTS_DIR}/${PRODUCT_NAME}.framework/Versions/Current\"\n/bin/ln -sfh Versions/Current/Headers \"${BUILT_PRODUCTS_DIR}/${PRODUCT_NAME}.framework/Headers\"\n/bin/ln -sfh \"Versions/Current/${PRODUCT_NAME}\" \"${BUILT_PRODUCTS_DIR}/${PRODUCT_NAME}.framework/${PRODUCT_NAME}\"\n\n# The -a ensures that the headers maintain the source modification date so that we don't constantly\n# cause propagating rebuilds of files that import these headers.\n/bin/cp -a \"${TARGET_BUILD_DIR}/${PUBLIC_HEADERS_FOLDER_PATH}/\" \"${BUILT_PRODUCTS_DIR}/${PRODUCT_NAME}.framework/Versions/${FMK_VERSION}/Headers\"\n\n/bin/cp -R  \"${TARGET_BUILD_DIR}/${PUBLIC_RESOURCES_FOLDER_PATH}/OpenPeerModel.momd\" \"${BUILT_PRODUCTS_DIR}/${PRODUCT_NAME}.framework/Versions/${FMK_VERSION}/Resources\"\n\n/bin/cp -a \"${BUILT_PRODUCTS_DIR}/lib${PRODUCT_NAME}.a\" \"${BUILT_PRODUCTS_DIR}/${PRODUCT_NAME}.framework/Versions/${FMK_VERSION}/${PRODUCT_NAME}\"\n";
		};
/* End PBXShellScriptBuildPhase section */

/* Begin PBXSourcesBuildPhase section */
		8792E86416519CFF00DEAC58 /* Sources */ = {
			isa = PBXSourcesBuildPhase;
			buildActionMask = 2147483647;
			files = (
				87A5B1A016EDE5EB007E825A /* HOPAccount.mm in Sources */,
				87A5B1A216EDE5EB007E825A /* HOPCall.mm in Sources */,
				87A5B1A316EDE5EB007E825A /* HOPContact.mm in Sources */,
				87A5B1A416EDE5EB007E825A /* HOPConversationThread.mm in Sources */,
				87A5B1A516EDE5EB007E825A /* HOPIdentity.mm in Sources */,
				87A5B1A716EDE5EB007E825A /* HOPLogger.mm in Sources */,
				87A5B1A916EDE5EB007E825A /* HOPMediaEngine.mm in Sources */,
				87A5B1AA16EDE5EB007E825A /* HOPMediaEngineRtpRtcpStatistics.m in Sources */,
				87A5B1AB16EDE5EB007E825A /* HOPMessage.m in Sources */,
				87A5B1B216EDE5EB007E825A /* HOPStack.mm in Sources */,
				87A5B1B316EDE5EB007E825A /* OpenPeerLoggerDelegate.mm in Sources */,
				87A5B1F916EDE5F9007E825A /* OpenPeerAccountDelegate.mm in Sources */,
				87A5B1FA16EDE5F9007E825A /* OpenPeerIdentityLookupDelegate.mm in Sources */,
				87A5B1FD16EDE5F9007E825A /* OpenPeerCallDelegate.mm in Sources */,
				87A5B1FE16EDE5F9007E825A /* OpenPeerConversationThreadDelegate.mm in Sources */,
				87A5B1FF16EDE5F9007E825A /* OpenPeerIdentityDelegate.mm in Sources */,
				87A5B20016EDE5F9007E825A /* OpenPeerMediaEngineDelegate.mm in Sources */,
				87A5B20316EDE5F9007E825A /* OpenPeerStackDelegate.mm in Sources */,
				87A5B20416EDE5F9007E825A /* OpenPeerStorageManager.mm in Sources */,
				87A5B20516EDE5F9007E825A /* OpenPeerUtility.mm in Sources */,
				87A5B20716EDE648007E825A /* HOPIdentityLookup.mm in Sources */,
				87E3CD21172A859600084D2F /* HOPIdentityLookupInfo.mm in Sources */,
				872DA9E6175CEC9C000CCA76 /* HOPCache.mm in Sources */,
				87D91AA71767509700E46B66 /* OpenPeerCacheDelegate.mm in Sources */,
				8702E53D17997568003287D5 /* OpenPeerModel.xcdatamodeld in Sources */,
				87CEF2ED179D5CD0003770EE /* HOPRolodexContact_Internal.mm in Sources */,
				87CEF2F0179DC7E0003770EE /* HOPAvatar_Internal.mm in Sources */,
				871BC9C617A1233800AEA4A6 /* HOPIdentityContact_Internal.mm in Sources */,
				8783859217A84FAB003C6EEA /* HOPRolodexContact+External.mm in Sources */,
				87DD73E017AFD1BE0086C295 /* OpenPeerConstants.m in Sources */,
				8758404317B151AD006B9A21 /* HOPAvatar.m in Sources */,
				8758404817B151AD006B9A21 /* HOPRolodexContact.m in Sources */,
				8758404C17B151AD006B9A21 /* HOPIdentityContact.m in Sources */,
				8758405017B151AD006B9A21 /* HOPIdentityProvider.m in Sources */,
				8758405817B151AE006B9A21 /* HOPPublicPeerFile.m in Sources */,
				8758405C17B17CD0006B9A21 /* HOPModelManager.m in Sources */,
				8758406017B290B8006B9A21 /* HOPHomeUser.m in Sources */,
			);
			runOnlyForDeploymentPostprocessing = 0;
		};
/* End PBXSourcesBuildPhase section */

/* Begin PBXTargetDependency section */
		00EB8DB8177D158100FFD40F /* PBXTargetDependency */ = {
			isa = PBXTargetDependency;
			name = hfservices_ios;
			targetProxy = 00EB8DB7177D158100FFD40F /* PBXContainerItemProxy */;
		};
		00EB8DBE177D158100FFD40F /* PBXTargetDependency */ = {
			isa = PBXTargetDependency;
			name = udns_ios;
			targetProxy = 00EB8DBD177D158100FFD40F /* PBXContainerItemProxy */;
		};
		00EB8DC0177D158100FFD40F /* PBXTargetDependency */ = {
			isa = PBXTargetDependency;
			name = cryptopp_ios;
			targetProxy = 00EB8DBF177D158100FFD40F /* PBXContainerItemProxy */;
		};
		00EB8DC2177D158100FFD40F /* PBXTargetDependency */ = {
			isa = PBXTargetDependency;
			name = zsLib_ios;
			targetProxy = 00EB8DC1177D158100FFD40F /* PBXContainerItemProxy */;
		};
		00EB8DD2177D1C2400FFD40F /* PBXTargetDependency */ = {
			isa = PBXTargetDependency;
			name = hfcore_ios;
			targetProxy = 00EB8DD1177D1C2400FFD40F /* PBXContainerItemProxy */;
		};
		00EB8DD4177D1C2400FFD40F /* PBXTargetDependency */ = {
			isa = PBXTargetDependency;
			name = hfstack_ios;
			targetProxy = 00EB8DD3177D1C2400FFD40F /* PBXContainerItemProxy */;
		};
/* End PBXTargetDependency section */

/* Begin PBXVariantGroup section */
		87B864CF1796BBB20027F8B1 /* InfoPlist.strings */ = {
			isa = PBXVariantGroup;
			children = (
				87B864D01796BBB20027F8B1 /* en */,
			);
			name = InfoPlist.strings;
			sourceTree = "<group>";
		};
/* End PBXVariantGroup section */

/* Begin XCBuildConfiguration section */
		8792E87416519CFF00DEAC58 /* Debug */ = {
			isa = XCBuildConfiguration;
			buildSettings = {
				ALWAYS_SEARCH_USER_PATHS = NO;
				CLANG_CXX_LANGUAGE_STANDARD = "gnu++0x";
				CLANG_CXX_LIBRARY = "libc++";
				CLANG_WARN_EMPTY_BODY = YES;
				CLANG_WARN__DUPLICATE_METHOD_MATCH = YES;
				COPY_PHASE_STRIP = NO;
				GCC_C_LANGUAGE_STANDARD = gnu99;
				GCC_DYNAMIC_NO_PIC = NO;
				GCC_OPTIMIZATION_LEVEL = 0;
				GCC_PREPROCESSOR_DEFINITIONS = (
					"DEBUG=1",
					"$(inherited)",
				);
				GCC_SYMBOLS_PRIVATE_EXTERN = NO;
				GCC_WARN_ABOUT_RETURN_TYPE = YES;
				GCC_WARN_UNINITIALIZED_AUTOS = YES;
				GCC_WARN_UNUSED_VARIABLE = YES;
				HEADER_SEARCH_PATHS = (
					libs/op,
					libs/op/libs/boost/staging/iPhoneOS/include,
					libs/op/libs/curl/include,
					libs/op/libs,
					libs/op/libs/zsLib,
					.,
					..,
					"libs/op/hookflash-libs/webRTC/webrtc",
					"libs/op/hookflash-libs/webRTC/webrtc/common_video/interface/",
					"libs/op/hookflash-libs/webRTC/webrtc/modules/interface",
					"libs/op/hookflash-libs/webRTC/webrtc/modules/video_capture/main/interface",
					"libs/op/hookflash-libs/webRTC/webrtc/modules/video_coding/codecs/interface/",
					"libs/op/hookflash-libs/webRTC/webrtc/modules/video_processing/main/interface",
					"libs/op/hookflash-libs/webRTC/webrtc/modules/video_render/main/interface",
					"libs/op/hookflash-libs/webRTC/webrtc/modules/video_render/main/source/iPhone",
					"libs/op/hookflash-libs/webRTC/webrtc/system_wrappers/interface",
					"libs/op/hookflash-libs/webRTC/webrtc/video_engine/include",
					"libs/op/hookflash-libs/webRTC/webrtc/voice_engine/main/interface",
				);
				IPHONEOS_DEPLOYMENT_TARGET = 6.0;
				LIBRARY_SEARCH_PATHS = (
					libs/op/libs/boost/staging/iPhoneOS/lib,
					libs/op/libs/curl/staging,
				);
				ONLY_ACTIVE_ARCH = YES;
				SDKROOT = iphoneos;
			};
			name = Debug;
		};
		8792E87516519CFF00DEAC58 /* Release */ = {
			isa = XCBuildConfiguration;
			buildSettings = {
				ALWAYS_SEARCH_USER_PATHS = NO;
				CLANG_CXX_LANGUAGE_STANDARD = "gnu++0x";
				CLANG_CXX_LIBRARY = "libc++";
				CLANG_WARN_EMPTY_BODY = YES;
				CLANG_WARN__DUPLICATE_METHOD_MATCH = YES;
				COPY_PHASE_STRIP = YES;
				GCC_C_LANGUAGE_STANDARD = gnu99;
				GCC_WARN_ABOUT_RETURN_TYPE = YES;
				GCC_WARN_UNINITIALIZED_AUTOS = YES;
				GCC_WARN_UNUSED_VARIABLE = YES;
				HEADER_SEARCH_PATHS = (
					libs/op,
					libs/op/libs/boost/staging/iPhoneOS/include,
					libs/op/libs/curl/include,
					libs/op/libs,
					libs/op/libs/zsLib,
					.,
					..,
					"libs/op/hookflash-libs/webRTC/webrtc",
					"libs/op/hookflash-libs/webRTC/webrtc/common_video/interface/",
					"libs/op/hookflash-libs/webRTC/webrtc/modules/interface",
					"libs/op/hookflash-libs/webRTC/webrtc/modules/video_capture/main/interface",
					"libs/op/hookflash-libs/webRTC/webrtc/modules/video_coding/codecs/interface/",
					"libs/op/hookflash-libs/webRTC/webrtc/modules/video_processing/main/interface",
					"libs/op/hookflash-libs/webRTC/webrtc/modules/video_render/main/interface",
					"libs/op/hookflash-libs/webRTC/webrtc/modules/video_render/main/source/iPhone",
					"libs/op/hookflash-libs/webRTC/webrtc/system_wrappers/interface",
					"libs/op/hookflash-libs/webRTC/webrtc/video_engine/include",
					"libs/op/hookflash-libs/webRTC/webrtc/voice_engine/main/interface",
				);
				IPHONEOS_DEPLOYMENT_TARGET = 6.0;
				LIBRARY_SEARCH_PATHS = (
					libs/op/libs/boost/staging/iPhoneOS/lib,
					libs/op/libs/curl/staging,
				);
				SDKROOT = iphoneos;
				VALIDATE_PRODUCT = YES;
			};
			name = Release;
		};
		8792E87716519CFF00DEAC58 /* Debug */ = {
			isa = XCBuildConfiguration;
			buildSettings = {
				CLANG_CXX_LANGUAGE_STANDARD = "compiler-default";
				CLANG_CXX_LIBRARY = "compiler-default";
				CLANG_ENABLE_OBJC_ARC = YES;
				DEAD_CODE_STRIPPING = NO;
				DSTROOT = /tmp/openpeer_ios_sdk.dst;
				GCC_ENABLE_CPP_RTTI = YES;
				GCC_INLINES_ARE_PRIVATE_EXTERN = YES;
				GCC_PRECOMPILE_PREFIX_HEADER = YES;
				GCC_PREFIX_HEADER = "openpeer-ios-sdk/openpeer-ios-sdk-Prefix.pch";
				GCC_SYMBOLS_PRIVATE_EXTERN = YES;
				HEADER_SEARCH_PATHS = "$(inherited)";
				IPHONEOS_DEPLOYMENT_TARGET = 5.0;
				LIBRARY_SEARCH_PATHS = "$(inherited)";
				MACH_O_TYPE = staticlib;
				OTHER_CPLUSPLUSFLAGS = (
					"$(OTHER_CFLAGS)",
					"-x",
					"objective-c++",
				);
				OTHER_LDFLAGS = "-ObjC";
				PRIVATE_HEADERS_FOLDER_PATH = usr/local/include;
				PRODUCT_NAME = "$(TARGET_NAME)";
				PUBLIC_HEADERS_FOLDER_PATH = usr/local/include;
				SKIP_INSTALL = YES;
			};
			name = Debug;
		};
		8792E87816519CFF00DEAC58 /* Release */ = {
			isa = XCBuildConfiguration;
			buildSettings = {
				CLANG_CXX_LANGUAGE_STANDARD = "compiler-default";
				CLANG_CXX_LIBRARY = "compiler-default";
				CLANG_ENABLE_OBJC_ARC = YES;
				DEAD_CODE_STRIPPING = NO;
				DSTROOT = /tmp/openpeer_ios_sdk.dst;
				GCC_ENABLE_CPP_RTTI = YES;
				GCC_INLINES_ARE_PRIVATE_EXTERN = YES;
				GCC_PRECOMPILE_PREFIX_HEADER = YES;
				GCC_PREFIX_HEADER = "openpeer-ios-sdk/openpeer-ios-sdk-Prefix.pch";
				GCC_SYMBOLS_PRIVATE_EXTERN = YES;
				HEADER_SEARCH_PATHS = (
					"$(inherited)",
					"\"$(BUILD_ROOT)/../IntermediateBuildFilesPath/UninstalledProducts\"",
				);
				IPHONEOS_DEPLOYMENT_TARGET = 5.0;
				LIBRARY_SEARCH_PATHS = "$(inherited)";
				MACH_O_TYPE = staticlib;
				OTHER_CPLUSPLUSFLAGS = (
					"$(OTHER_CFLAGS)",
					"-x",
					"objective-c++",
				);
				OTHER_LDFLAGS = "-ObjC";
				PRIVATE_HEADERS_FOLDER_PATH = usr/local/include;
				PRODUCT_NAME = "$(TARGET_NAME)";
				PUBLIC_HEADERS_FOLDER_PATH = usr/local/include;
				SKIP_INSTALL = YES;
			};
			name = Release;
		};
/* End XCBuildConfiguration section */

/* Begin XCConfigurationList section */
		8792E86216519CFF00DEAC58 /* Build configuration list for PBXProject "openpeer-ios-sdk" */ = {
			isa = XCConfigurationList;
			buildConfigurations = (
				8792E87416519CFF00DEAC58 /* Debug */,
				8792E87516519CFF00DEAC58 /* Release */,
			);
			defaultConfigurationIsVisible = 0;
			defaultConfigurationName = Release;
		};
		8792E87616519CFF00DEAC58 /* Build configuration list for PBXNativeTarget "OpenpeerSDK" */ = {
			isa = XCConfigurationList;
			buildConfigurations = (
				8792E87716519CFF00DEAC58 /* Debug */,
				8792E87816519CFF00DEAC58 /* Release */,
			);
			defaultConfigurationIsVisible = 0;
			defaultConfigurationName = Release;
		};
/* End XCConfigurationList section */

/* Begin XCVersionGroup section */
		8702E53B17997568003287D5 /* OpenPeerModel.xcdatamodeld */ = {
			isa = XCVersionGroup;
			children = (
				8702E53C17997568003287D5 /* OpenPeerModel.xcdatamodel */,
			);
			currentVersion = 8702E53C17997568003287D5 /* OpenPeerModel.xcdatamodel */;
			path = OpenPeerModel.xcdatamodeld;
			sourceTree = "<group>";
			versionGroupType = wrapper.xcdatamodel;
		};
/* End XCVersionGroup section */
	};
	rootObject = 8792E85F16519CFF00DEAC58 /* Project object */;
}
